Microsoft Visual Studio Solution File, Format Version 12.00
# Visual Studio 2013
VisualStudioVersion = 12.0.31101.0
MinimumVisualStudioVersion = 10.0.40219.1
Project("{8BC9CEB8-8B4A-11D0-8D11-00A0C91BC942}") = "ALL_BUILD", "ALL_BUILD.vcxproj", "{FBE1D0DB-A059-32FF-A474-9A1EDE344C70}"
	ProjectSection(ProjectDependencies) = postProject
		{EEDE04A6-A8B2-356D-A553-1D494C5BF387} = {EEDE04A6-A8B2-356D-A553-1D494C5BF387}
		{B3C6A96E-B5DB-3D74-929A-88CAB25F9F64} = {B3C6A96E-B5DB-3D74-929A-88CAB25F9F64}
		{9DE34162-0910-3891-9A83-7D4D100F1F55} = {9DE34162-0910-3891-9A83-7D4D100F1F55}
		{9BC0BA4C-BB19-3B5A-B28A-08F3595C0418} = {9BC0BA4C-BB19-3B5A-B28A-08F3595C0418}
		{30CF1E5F-645A-3077-BE06-F31A265E608C} = {30CF1E5F-645A-3077-BE06-F31A265E608C}
		{E73DFCF1-CB17-3657-8186-BB1681E0E32D} = {E73DFCF1-CB17-3657-8186-BB1681E0E32D}
		{8368CCBA-2BBD-351E-B16B-D6FCE7E4A303} = {8368CCBA-2BBD-351E-B16B-D6FCE7E4A303}
		{A9911F41-551B-30C2-BAB8-1B616CBF21FD} = {A9911F41-551B-30C2-BAB8-1B616CBF21FD}
		{1EBEAA42-53ED-311D-A656-2B018D51832F} = {1EBEAA42-53ED-311D-A656-2B018D51832F}
		{1438DA58-C4E9-3F73-A1FB-D407D3AAEA0D} = {1438DA58-C4E9-3F73-A1FB-D407D3AAEA0D}
		{48F1CDA9-9E49-3A34-BA40-461142EDF882} = {48F1CDA9-9E49-3A34-BA40-461142EDF882}
		{4AC67496-29C3-3313-AF03-2A18ADCDE620} = {4AC67496-29C3-3313-AF03-2A18ADCDE620}
		{CC43FFC4-CBA7-32E4-B429-C1162A5DF62C} = {CC43FFC4-CBA7-32E4-B429-C1162A5DF62C}
		{63F85182-9528-3E93-A1CA-99C40234D563} = {63F85182-9528-3E93-A1CA-99C40234D563}
		{D21DA910-5112-37EF-AB1A-5A9CA51852C5} = {D21DA910-5112-37EF-AB1A-5A9CA51852C5}
		{1BD9D5A9-90FA-3EA1-9055-E61946C641E3} = {1BD9D5A9-90FA-3EA1-9055-E61946C641E3}
		{BDBA998E-BD8A-3B3B-B1A1-7D05481CBF2F} = {BDBA998E-BD8A-3B3B-B1A1-7D05481CBF2F}
		{0EC26060-160D-3D7C-8679-D3A0AD065EE4} = {0EC26060-160D-3D7C-8679-D3A0AD065EE4}
		{79345ABA-34F0-3DE6-B48D-325470E29B7F} = {79345ABA-34F0-3DE6-B48D-325470E29B7F}
		{167DE9EB-CC22-3C69-BC90-71B0D3C20384} = {167DE9EB-CC22-3C69-BC90-71B0D3C20384}
		{A5BA5A49-9495-33E3-BE71-904C3579BF7F} = {A5BA5A49-9495-33E3-BE71-904C3579BF7F}
		{0C7AD636-01B6-3EE7-B925-A64C39E62B56} = {0C7AD636-01B6-3EE7-B925-A64C39E62B56}
		{217C5F2B-D2F1-35A5-98ED-B29CDBC60155} = {217C5F2B-D2F1-35A5-98ED-B29CDBC60155}
		{8225320E-D9BA-3FEA-80A6-4449E0D810F4} = {8225320E-D9BA-3FEA-80A6-4449E0D810F4}
		{2AE9EAA8-6F87-3B52-AA91-16BF977089EE} = {2AE9EAA8-6F87-3B52-AA91-16BF977089EE}
		{1CCECE40-07FE-3CFD-AA6D-6A1B88FB95D9} = {1CCECE40-07FE-3CFD-AA6D-6A1B88FB95D9}
	EndProjectSection
EndProject
Project("{8BC9CEB8-8B4A-11D0-8D11-00A0C91BC942}") = "INSTALL", "INSTALL.vcxproj", "{F3E64371-ED1C-3AD2-A2BA-FA8C03B3CB40}"
	ProjectSection(ProjectDependencies) = postProject
		{FBE1D0DB-A059-32FF-A474-9A1EDE344C70} = {FBE1D0DB-A059-32FF-A474-9A1EDE344C70}
	EndProjectSection
EndProject
Project("{8BC9CEB8-8B4A-11D0-8D11-00A0C91BC942}") = "PACKAGE", "PACKAGE.vcxproj", "{4F78CD06-6456-3CAB-8EC8-784CC70D4F03}"
	ProjectSection(ProjectDependencies) = postProject
		{FBE1D0DB-A059-32FF-A474-9A1EDE344C70} = {FBE1D0DB-A059-32FF-A474-9A1EDE344C70}
	EndProjectSection
EndProject
Project("{8BC9CEB8-8B4A-11D0-8D11-00A0C91BC942}") = "audin-client", "channels\audin\client\audin-client.vcxproj", "{EEDE04A6-A8B2-356D-A553-1D494C5BF387}"
	ProjectSection(ProjectDependencies) = postProject
		{1EBEAA42-53ED-311D-A656-2B018D51832F} = {1EBEAA42-53ED-311D-A656-2B018D51832F}
		{217C5F2B-D2F1-35A5-98ED-B29CDBC60155} = {217C5F2B-D2F1-35A5-98ED-B29CDBC60155}
	EndProjectSection
EndProject
Project("{8BC9CEB8-8B4A-11D0-8D11-00A0C91BC942}") = "audin-client-winmm", "channels\audin\client\winmm\audin-client-winmm.vcxproj", "{B3C6A96E-B5DB-3D74-929A-88CAB25F9F64}"
	ProjectSection(ProjectDependencies) = postProject
		{1EBEAA42-53ED-311D-A656-2B018D51832F} = {1EBEAA42-53ED-311D-A656-2B018D51832F}
		{217C5F2B-D2F1-35A5-98ED-B29CDBC60155} = {217C5F2B-D2F1-35A5-98ED-B29CDBC60155}
	EndProjectSection
EndProject
Project("{8BC9CEB8-8B4A-11D0-8D11-00A0C91BC942}") = "cliprdr-client", "channels\cliprdr\client\cliprdr-client.vcxproj", "{9DE34162-0910-3891-9A83-7D4D100F1F55}"
EndProject
Project("{8BC9CEB8-8B4A-11D0-8D11-00A0C91BC942}") = "disp-client", "channels\disp\client\disp-client.vcxproj", "{9BC0BA4C-BB19-3B5A-B28A-08F3595C0418}"
	ProjectSection(ProjectDependencies) = postProject
		{1EBEAA42-53ED-311D-A656-2B018D51832F} = {1EBEAA42-53ED-311D-A656-2B018D51832F}
		{217C5F2B-D2F1-35A5-98ED-B29CDBC60155} = {217C5F2B-D2F1-35A5-98ED-B29CDBC60155}
	EndProjectSection
EndProject
Project("{8BC9CEB8-8B4A-11D0-8D11-00A0C91BC942}") = "drdynvc-client", "channels\drdynvc\client\drdynvc-client.vcxproj", "{30CF1E5F-645A-3077-BE06-F31A265E608C}"
EndProject
Project("{8BC9CEB8-8B4A-11D0-8D11-00A0C91BC942}") = "drive-client", "channels\drive\client\drive-client.vcxproj", "{E73DFCF1-CB17-3657-8186-BB1681E0E32D}"
	ProjectSection(ProjectDependencies) = postProject
		{1EBEAA42-53ED-311D-A656-2B018D51832F} = {1EBEAA42-53ED-311D-A656-2B018D51832F}
		{217C5F2B-D2F1-35A5-98ED-B29CDBC60155} = {217C5F2B-D2F1-35A5-98ED-B29CDBC60155}
	EndProjectSection
EndProject
Project("{8BC9CEB8-8B4A-11D0-8D11-00A0C91BC942}") = "echo-client", "channels\echo\client\echo-client.vcxproj", "{8368CCBA-2BBD-351E-B16B-D6FCE7E4A303}"
	ProjectSection(ProjectDependencies) = postProject
		{1EBEAA42-53ED-311D-A656-2B018D51832F} = {1EBEAA42-53ED-311D-A656-2B018D51832F}
		{217C5F2B-D2F1-35A5-98ED-B29CDBC60155} = {217C5F2B-D2F1-35A5-98ED-B29CDBC60155}
	EndProjectSection
EndProject
Project("{8BC9CEB8-8B4A-11D0-8D11-00A0C91BC942}") = "encomsp-client", "channels\encomsp\client\encomsp-client.vcxproj", "{A9911F41-551B-30C2-BAB8-1B616CBF21FD}"
EndProject
Project("{8BC9CEB8-8B4A-11D0-8D11-00A0C91BC942}") = "freerdp", "libfreerdp\freerdp.vcxproj", "{1EBEAA42-53ED-311D-A656-2B018D51832F}"
	ProjectSection(ProjectDependencies) = postProject
		{217C5F2B-D2F1-35A5-98ED-B29CDBC60155} = {217C5F2B-D2F1-35A5-98ED-B29CDBC60155}
	EndProjectSection
EndProject
Project("{8BC9CEB8-8B4A-11D0-8D11-00A0C91BC942}") = "freerdp-client", "client\common\freerdp-client.vcxproj", "{1438DA58-C4E9-3F73-A1FB-D407D3AAEA0D}"
	ProjectSection(ProjectDependencies) = postProject
		{EEDE04A6-A8B2-356D-A553-1D494C5BF387} = {EEDE04A6-A8B2-356D-A553-1D494C5BF387}
		{B3C6A96E-B5DB-3D74-929A-88CAB25F9F64} = {B3C6A96E-B5DB-3D74-929A-88CAB25F9F64}
		{9DE34162-0910-3891-9A83-7D4D100F1F55} = {9DE34162-0910-3891-9A83-7D4D100F1F55}
		{9BC0BA4C-BB19-3B5A-B28A-08F3595C0418} = {9BC0BA4C-BB19-3B5A-B28A-08F3595C0418}
		{30CF1E5F-645A-3077-BE06-F31A265E608C} = {30CF1E5F-645A-3077-BE06-F31A265E608C}
		{E73DFCF1-CB17-3657-8186-BB1681E0E32D} = {E73DFCF1-CB17-3657-8186-BB1681E0E32D}
		{8368CCBA-2BBD-351E-B16B-D6FCE7E4A303} = {8368CCBA-2BBD-351E-B16B-D6FCE7E4A303}
		{A9911F41-551B-30C2-BAB8-1B616CBF21FD} = {A9911F41-551B-30C2-BAB8-1B616CBF21FD}
		{1EBEAA42-53ED-311D-A656-2B018D51832F} = {1EBEAA42-53ED-311D-A656-2B018D51832F}
		{48F1CDA9-9E49-3A34-BA40-461142EDF882} = {48F1CDA9-9E49-3A34-BA40-461142EDF882}
		{4AC67496-29C3-3313-AF03-2A18ADCDE620} = {4AC67496-29C3-3313-AF03-2A18ADCDE620}
		{CC43FFC4-CBA7-32E4-B429-C1162A5DF62C} = {CC43FFC4-CBA7-32E4-B429-C1162A5DF62C}
		{63F85182-9528-3E93-A1CA-99C40234D563} = {63F85182-9528-3E93-A1CA-99C40234D563}
		{D21DA910-5112-37EF-AB1A-5A9CA51852C5} = {D21DA910-5112-37EF-AB1A-5A9CA51852C5}
		{1BD9D5A9-90FA-3EA1-9055-E61946C641E3} = {1BD9D5A9-90FA-3EA1-9055-E61946C641E3}
		{BDBA998E-BD8A-3B3B-B1A1-7D05481CBF2F} = {BDBA998E-BD8A-3B3B-B1A1-7D05481CBF2F}
		{79345ABA-34F0-3DE6-B48D-325470E29B7F} = {79345ABA-34F0-3DE6-B48D-325470E29B7F}
		{167DE9EB-CC22-3C69-BC90-71B0D3C20384} = {167DE9EB-CC22-3C69-BC90-71B0D3C20384}
		{217C5F2B-D2F1-35A5-98ED-B29CDBC60155} = {217C5F2B-D2F1-35A5-98ED-B29CDBC60155}
	EndProjectSection
EndProject
Project("{8BC9CEB8-8B4A-11D0-8D11-00A0C91BC942}") = "printer-client", "channels\printer\client\printer-client.vcxproj", "{48F1CDA9-9E49-3A34-BA40-461142EDF882}"
	ProjectSection(ProjectDependencies) = postProject
		{1EBEAA42-53ED-311D-A656-2B018D51832F} = {1EBEAA42-53ED-311D-A656-2B018D51832F}
		{217C5F2B-D2F1-35A5-98ED-B29CDBC60155} = {217C5F2B-D2F1-35A5-98ED-B29CDBC60155}
	EndProjectSection
EndProject
Project("{8BC9CEB8-8B4A-11D0-8D11-00A0C91BC942}") = "rail-client", "channels\rail\client\rail-client.vcxproj", "{4AC67496-29C3-3313-AF03-2A18ADCDE620}"
	ProjectSection(ProjectDependencies) = postProject
		{1EBEAA42-53ED-311D-A656-2B018D51832F} = {1EBEAA42-53ED-311D-A656-2B018D51832F}
		{217C5F2B-D2F1-35A5-98ED-B29CDBC60155} = {217C5F2B-D2F1-35A5-98ED-B29CDBC60155}
	EndProjectSection
EndProject
Project("{8BC9CEB8-8B4A-11D0-8D11-00A0C91BC942}") = "rdpdr-client", "channels\rdpdr\client\rdpdr-client.vcxproj", "{CC43FFC4-CBA7-32E4-B429-C1162A5DF62C}"
	ProjectSection(ProjectDependencies) = postProject
		{1EBEAA42-53ED-311D-A656-2B018D51832F} = {1EBEAA42-53ED-311D-A656-2B018D51832F}
		{217C5F2B-D2F1-35A5-98ED-B29CDBC60155} = {217C5F2B-D2F1-35A5-98ED-B29CDBC60155}
	EndProjectSection
EndProject
Project("{8BC9CEB8-8B4A-11D0-8D11-00A0C91BC942}") = "rdpei-client", "channels\rdpei\client\rdpei-client.vcxproj", "{63F85182-9528-3E93-A1CA-99C40234D563}"
	ProjectSection(ProjectDependencies) = postProject
		{1EBEAA42-53ED-311D-A656-2B018D51832F} = {1EBEAA42-53ED-311D-A656-2B018D51832F}
		{217C5F2B-D2F1-35A5-98ED-B29CDBC60155} = {217C5F2B-D2F1-35A5-98ED-B29CDBC60155}
	EndProjectSection
EndProject
Project("{8BC9CEB8-8B4A-11D0-8D11-00A0C91BC942}") = "rdpgfx-client", "channels\rdpgfx\client\rdpgfx-client.vcxproj", "{D21DA910-5112-37EF-AB1A-5A9CA51852C5}"
	ProjectSection(ProjectDependencies) = postProject
		{1EBEAA42-53ED-311D-A656-2B018D51832F} = {1EBEAA42-53ED-311D-A656-2B018D51832F}
		{217C5F2B-D2F1-35A5-98ED-B29CDBC60155} = {217C5F2B-D2F1-35A5-98ED-B29CDBC60155}
	EndProjectSection
EndProject
Project("{8BC9CEB8-8B4A-11D0-8D11-00A0C91BC942}") = "rdpsnd-client", "channels\rdpsnd\client\rdpsnd-client.vcxproj", "{1BD9D5A9-90FA-3EA1-9055-E61946C641E3}"
	ProjectSection(ProjectDependencies) = postProject
		{1EBEAA42-53ED-311D-A656-2B018D51832F} = {1EBEAA42-53ED-311D-A656-2B018D51832F}
		{217C5F2B-D2F1-35A5-98ED-B29CDBC60155} = {217C5F2B-D2F1-35A5-98ED-B29CDBC60155}
	EndProjectSection
EndProject
Project("{8BC9CEB8-8B4A-11D0-8D11-00A0C91BC942}") = "rdpsnd-client-winmm", "channels\rdpsnd\client\winmm\rdpsnd-client-winmm.vcxproj", "{BDBA998E-BD8A-3B3B-B1A1-7D05481CBF2F}"
	ProjectSection(ProjectDependencies) = postProject
		{1EBEAA42-53ED-311D-A656-2B018D51832F} = {1EBEAA42-53ED-311D-A656-2B018D51832F}
		{217C5F2B-D2F1-35A5-98ED-B29CDBC60155} = {217C5F2B-D2F1-35A5-98ED-B29CDBC60155}
	EndProjectSection
EndProject
Project("{8BC9CEB8-8B4A-11D0-8D11-00A0C91BC942}") = "rdtk", "rdtk\librdtk\rdtk.vcxproj", "{0EC26060-160D-3D7C-8679-D3A0AD065EE4}"
	ProjectSection(ProjectDependencies) = postProject
		{1EBEAA42-53ED-311D-A656-2B018D51832F} = {1EBEAA42-53ED-311D-A656-2B018D51832F}
		{217C5F2B-D2F1-35A5-98ED-B29CDBC60155} = {217C5F2B-D2F1-35A5-98ED-B29CDBC60155}
	EndProjectSection
EndProject
Project("{8BC9CEB8-8B4A-11D0-8D11-00A0C91BC942}") = "remdesk-client", "channels\remdesk\client\remdesk-client.vcxproj", "{79345ABA-34F0-3DE6-B48D-325470E29B7F}"
EndProject
Project("{8BC9CEB8-8B4A-11D0-8D11-00A0C91BC942}") = "smartcard-client", "channels\smartcard\client\smartcard-client.vcxproj", "{167DE9EB-CC22-3C69-BC90-71B0D3C20384}"
	ProjectSection(ProjectDependencies) = postProject
		{1EBEAA42-53ED-311D-A656-2B018D51832F} = {1EBEAA42-53ED-311D-A656-2B018D51832F}
		{217C5F2B-D2F1-35A5-98ED-B29CDBC60155} = {217C5F2B-D2F1-35A5-98ED-B29CDBC60155}
	EndProjectSection
EndProject
Project("{8BC9CEB8-8B4A-11D0-8D11-00A0C91BC942}") = "wfreerdp", "client\Windows\cli\wfreerdp.vcxproj", "{A5BA5A49-9495-33E3-BE71-904C3579BF7F}"
	ProjectSection(ProjectDependencies) = postProject
		{EEDE04A6-A8B2-356D-A553-1D494C5BF387} = {EEDE04A6-A8B2-356D-A553-1D494C5BF387}
		{B3C6A96E-B5DB-3D74-929A-88CAB25F9F64} = {B3C6A96E-B5DB-3D74-929A-88CAB25F9F64}
		{9DE34162-0910-3891-9A83-7D4D100F1F55} = {9DE34162-0910-3891-9A83-7D4D100F1F55}
		{9BC0BA4C-BB19-3B5A-B28A-08F3595C0418} = {9BC0BA4C-BB19-3B5A-B28A-08F3595C0418}
		{30CF1E5F-645A-3077-BE06-F31A265E608C} = {30CF1E5F-645A-3077-BE06-F31A265E608C}
		{E73DFCF1-CB17-3657-8186-BB1681E0E32D} = {E73DFCF1-CB17-3657-8186-BB1681E0E32D}
		{8368CCBA-2BBD-351E-B16B-D6FCE7E4A303} = {8368CCBA-2BBD-351E-B16B-D6FCE7E4A303}
		{A9911F41-551B-30C2-BAB8-1B616CBF21FD} = {A9911F41-551B-30C2-BAB8-1B616CBF21FD}
		{1EBEAA42-53ED-311D-A656-2B018D51832F} = {1EBEAA42-53ED-311D-A656-2B018D51832F}
		{1438DA58-C4E9-3F73-A1FB-D407D3AAEA0D} = {1438DA58-C4E9-3F73-A1FB-D407D3AAEA0D}
		{48F1CDA9-9E49-3A34-BA40-461142EDF882} = {48F1CDA9-9E49-3A34-BA40-461142EDF882}
		{4AC67496-29C3-3313-AF03-2A18ADCDE620} = {4AC67496-29C3-3313-AF03-2A18ADCDE620}
		{CC43FFC4-CBA7-32E4-B429-C1162A5DF62C} = {CC43FFC4-CBA7-32E4-B429-C1162A5DF62C}
		{63F85182-9528-3E93-A1CA-99C40234D563} = {63F85182-9528-3E93-A1CA-99C40234D563}
		{D21DA910-5112-37EF-AB1A-5A9CA51852C5} = {D21DA910-5112-37EF-AB1A-5A9CA51852C5}
		{1BD9D5A9-90FA-3EA1-9055-E61946C641E3} = {1BD9D5A9-90FA-3EA1-9055-E61946C641E3}
		{BDBA998E-BD8A-3B3B-B1A1-7D05481CBF2F} = {BDBA998E-BD8A-3B3B-B1A1-7D05481CBF2F}
		{79345ABA-34F0-3DE6-B48D-325470E29B7F} = {79345ABA-34F0-3DE6-B48D-325470E29B7F}
		{167DE9EB-CC22-3C69-BC90-71B0D3C20384} = {167DE9EB-CC22-3C69-BC90-71B0D3C20384}
		{0C7AD636-01B6-3EE7-B925-A64C39E62B56} = {0C7AD636-01B6-3EE7-B925-A64C39E62B56}
		{217C5F2B-D2F1-35A5-98ED-B29CDBC60155} = {217C5F2B-D2F1-35A5-98ED-B29CDBC60155}
	EndProjectSection
EndProject
Project("{8BC9CEB8-8B4A-11D0-8D11-00A0C91BC942}") = "wfreerdp-client", "client\Windows\wfreerdp-client.vcxproj", "{0C7AD636-01B6-3EE7-B925-A64C39E62B56}"
	ProjectSection(ProjectDependencies) = postProject
		{EEDE04A6-A8B2-356D-A553-1D494C5BF387} = {EEDE04A6-A8B2-356D-A553-1D494C5BF387}
		{B3C6A96E-B5DB-3D74-929A-88CAB25F9F64} = {B3C6A96E-B5DB-3D74-929A-88CAB25F9F64}
		{9DE34162-0910-3891-9A83-7D4D100F1F55} = {9DE34162-0910-3891-9A83-7D4D100F1F55}
		{9BC0BA4C-BB19-3B5A-B28A-08F3595C0418} = {9BC0BA4C-BB19-3B5A-B28A-08F3595C0418}
		{30CF1E5F-645A-3077-BE06-F31A265E608C} = {30CF1E5F-645A-3077-BE06-F31A265E608C}
		{E73DFCF1-CB17-3657-8186-BB1681E0E32D} = {E73DFCF1-CB17-3657-8186-BB1681E0E32D}
		{8368CCBA-2BBD-351E-B16B-D6FCE7E4A303} = {8368CCBA-2BBD-351E-B16B-D6FCE7E4A303}
		{A9911F41-551B-30C2-BAB8-1B616CBF21FD} = {A9911F41-551B-30C2-BAB8-1B616CBF21FD}
		{1EBEAA42-53ED-311D-A656-2B018D51832F} = {1EBEAA42-53ED-311D-A656-2B018D51832F}
		{1438DA58-C4E9-3F73-A1FB-D407D3AAEA0D} = {1438DA58-C4E9-3F73-A1FB-D407D3AAEA0D}
		{48F1CDA9-9E49-3A34-BA40-461142EDF882} = {48F1CDA9-9E49-3A34-BA40-461142EDF882}
		{4AC67496-29C3-3313-AF03-2A18ADCDE620} = {4AC67496-29C3-3313-AF03-2A18ADCDE620}
		{CC43FFC4-CBA7-32E4-B429-C1162A5DF62C} = {CC43FFC4-CBA7-32E4-B429-C1162A5DF62C}
		{63F85182-9528-3E93-A1CA-99C40234D563} = {63F85182-9528-3E93-A1CA-99C40234D563}
		{D21DA910-5112-37EF-AB1A-5A9CA51852C5} = {D21DA910-5112-37EF-AB1A-5A9CA51852C5}
		{1BD9D5A9-90FA-3EA1-9055-E61946C641E3} = {1BD9D5A9-90FA-3EA1-9055-E61946C641E3}
		{BDBA998E-BD8A-3B3B-B1A1-7D05481CBF2F} = {BDBA998E-BD8A-3B3B-B1A1-7D05481CBF2F}
		{79345ABA-34F0-3DE6-B48D-325470E29B7F} = {79345ABA-34F0-3DE6-B48D-325470E29B7F}
		{167DE9EB-CC22-3C69-BC90-71B0D3C20384} = {167DE9EB-CC22-3C69-BC90-71B0D3C20384}
		{217C5F2B-D2F1-35A5-98ED-B29CDBC60155} = {217C5F2B-D2F1-35A5-98ED-B29CDBC60155}
	EndProjectSection
EndProject
Project("{8BC9CEB8-8B4A-11D0-8D11-00A0C91BC942}") = "winpr", "winpr\libwinpr\winpr.vcxproj", "{217C5F2B-D2F1-35A5-98ED-B29CDBC60155}"
EndProject
Project("{8BC9CEB8-8B4A-11D0-8D11-00A0C91BC942}") = "winpr-hash", "winpr\tools\hash\winpr-hash.vcxproj", "{8225320E-D9BA-3FEA-80A6-4449E0D810F4}"
	ProjectSection(ProjectDependencies) = postProject
		{217C5F2B-D2F1-35A5-98ED-B29CDBC60155} = {217C5F2B-D2F1-35A5-98ED-B29CDBC60155}
	EndProjectSection
EndProject
Project("{8BC9CEB8-8B4A-11D0-8D11-00A0C91BC942}") = "winpr-makecert", "winpr\tools\makecert\cli\winpr-makecert.vcxproj", "{2AE9EAA8-6F87-3B52-AA91-16BF977089EE}"
	ProjectSection(ProjectDependencies) = postProject
		{217C5F2B-D2F1-35A5-98ED-B29CDBC60155} = {217C5F2B-D2F1-35A5-98ED-B29CDBC60155}
		{1CCECE40-07FE-3CFD-AA6D-6A1B88FB95D9} = {1CCECE40-07FE-3CFD-AA6D-6A1B88FB95D9}
	EndProjectSection
EndProject
Project("{8BC9CEB8-8B4A-11D0-8D11-00A0C91BC942}") = "winpr-makecert-tool", "winpr\tools\makecert\winpr-makecert-tool.vcxproj", "{1CCECE40-07FE-3CFD-AA6D-6A1B88FB95D9}"
	ProjectSection(ProjectDependencies) = postProject
		{217C5F2B-D2F1-35A5-98ED-B29CDBC60155} = {217C5F2B-D2F1-35A5-98ED-B29CDBC60155}
	EndProjectSection
EndProject
Project("{2150E333-8FDC-42A3-9474-1A3956D46DE8}") = "CMakePredefinedTargets", "CMakePredefinedTargets", "{F47DB357-F1FF-3141-BF10-A34377CB9609}"
EndProject
Project("{2150E333-8FDC-42A3-9474-1A3956D46DE8}") = "Channels", "Channels", "{8EE7D5C8-CA4D-3C83-A221-196BB64B549C}"
EndProject
Project("{2150E333-8FDC-42A3-9474-1A3956D46DE8}") = "audin", "audin", "{4633E711-C903-35FF-9325-C5DA985657DA}"
EndProject
Project("{2150E333-8FDC-42A3-9474-1A3956D46DE8}") = "Client", "Client", "{FF7EA717-0B34-3CC1-9738-7D099510A134}"
EndProject
Project("{2150E333-8FDC-42A3-9474-1A3956D46DE8}") = "winmm", "winmm", "{CAED4D87-0E8A-336D-8AB0-E36057B3E573}"
EndProject
Project("{2150E333-8FDC-42A3-9474-1A3956D46DE8}") = "cliprdr", "cliprdr", "{D696D7B5-EA12-36B8-997A-9514656CDF91}"
EndProject
Project("{2150E333-8FDC-42A3-9474-1A3956D46DE8}") = "Client", "Client", "{36AEC546-5036-3575-A5D8-9391584939FF}"
EndProject
Project("{2150E333-8FDC-42A3-9474-1A3956D46DE8}") = "disp", "disp", "{AA9F5458-F7E9-3B1C-B77A-3842C5813ABA}"
EndProject
Project("{2150E333-8FDC-42A3-9474-1A3956D46DE8}") = "Client", "Client", "{E55DA622-63EC-39D7-9404-3398277A6360}"
EndProject
Project("{2150E333-8FDC-42A3-9474-1A3956D46DE8}") = "drdynvc", "drdynvc", "{F6B96CBA-E98F-3171-89CC-DAD699AECD9D}"
EndProject
Project("{2150E333-8FDC-42A3-9474-1A3956D46DE8}") = "Client", "Client", "{D97ABBBB-C635-377D-A552-D50A2219C93D}"
EndProject
Project("{2150E333-8FDC-42A3-9474-1A3956D46DE8}") = "drive", "drive", "{D734180A-3E68-3087-8F2A-9755A4B77607}"
EndProject
Project("{2150E333-8FDC-42A3-9474-1A3956D46DE8}") = "Client", "Client", "{AD06666A-FB81-37B8-9BCF-562C54AC7A18}"
EndProject
Project("{2150E333-8FDC-42A3-9474-1A3956D46DE8}") = "echo", "echo", "{65CF07A2-7000-35B7-9EC6-E50521316AD8}"
EndProject
Project("{2150E333-8FDC-42A3-9474-1A3956D46DE8}") = "Client", "Client", "{293981CA-D06B-37F0-A8AB-D144F0B2E62E}"
EndProject
Project("{2150E333-8FDC-42A3-9474-1A3956D46DE8}") = "encomsp", "encomsp", "{88575384-23A9-3720-96D1-CEDF0BA7E5C6}"
EndProject
Project("{2150E333-8FDC-42A3-9474-1A3956D46DE8}") = "Client", "Client", "{3EADEBB7-13F7-30CC-8FC2-A2ED7F40C9E4}"
EndProject
Project("{2150E333-8FDC-42A3-9474-1A3956D46DE8}") = "printer", "printer", "{30FADF58-1B9C-344A-BA62-A56D8DD84176}"
EndProject
Project("{2150E333-8FDC-42A3-9474-1A3956D46DE8}") = "Client", "Client", "{20006B20-9E08-34C5-A257-BCCA5347054E}"
EndProject
Project("{2150E333-8FDC-42A3-9474-1A3956D46DE8}") = "rail", "rail", "{74EE48DA-AB95-3A30-8C7C-B5CBF313E477}"
EndProject
Project("{2150E333-8FDC-42A3-9474-1A3956D46DE8}") = "Client", "Client", "{8AA09F07-DAA5-3C28-9B3B-112296552A9A}"
EndProject
Project("{2150E333-8FDC-42A3-9474-1A3956D46DE8}") = "rdpdr", "rdpdr", "{09FD83CA-90E2-3066-9C00-329EFA6C2EC7}"
EndProject
Project("{2150E333-8FDC-42A3-9474-1A3956D46DE8}") = "Client", "Client", "{F53C8B2A-5CA2-3E52-A14A-410C5494F6A0}"
EndProject
Project("{2150E333-8FDC-42A3-9474-1A3956D46DE8}") = "rdpei", "rdpei", "{B54AB3CC-C14F-3076-A6BA-5ACE3439FF06}"
EndProject
Project("{2150E333-8FDC-42A3-9474-1A3956D46DE8}") = "Client", "Client", "{D6581430-F872-39D9-AB62-823570765F16}"
EndProject
Project("{2150E333-8FDC-42A3-9474-1A3956D46DE8}") = "rdpgfx", "rdpgfx", "{34E91392-19F4-335B-B8A6-7769F5842FF9}"
EndProject
Project("{2150E333-8FDC-42A3-9474-1A3956D46DE8}") = "Client", "Client", "{84FCC047-5A47-30ED-95CF-00CAE00AB154}"
EndProject
Project("{2150E333-8FDC-42A3-9474-1A3956D46DE8}") = "rdpsnd", "rdpsnd", "{548043F6-F9B6-3109-8746-2455D7DBE7C6}"
EndProject
Project("{2150E333-8FDC-42A3-9474-1A3956D46DE8}") = "Client", "Client", "{EE3CDB67-9F62-3766-B5C1-9EEF997DBD4D}"
EndProject
Project("{2150E333-8FDC-42A3-9474-1A3956D46DE8}") = "WinMM", "WinMM", "{DBBBE82B-459B-364C-8F00-11BF5966F37C}"
EndProject
Project("{2150E333-8FDC-42A3-9474-1A3956D46DE8}") = "remdesk", "remdesk", "{06F327D4-DB48-3577-969F-A4FBA5728578}"
EndProject
Project("{2150E333-8FDC-42A3-9474-1A3956D46DE8}") = "Client", "Client", "{1F0631A3-6094-3D37-B730-A8CC84DB4F3E}"
EndProject
Project("{2150E333-8FDC-42A3-9474-1A3956D46DE8}") = "smartcard", "smartcard", "{01E7B266-3876-3131-862E-2F9013903436}"
EndProject
Project("{2150E333-8FDC-42A3-9474-1A3956D46DE8}") = "Client", "Client", "{D2439BF9-F819-3313-8EE9-3BA8A6A16708}"
EndProject
Project("{2150E333-8FDC-42A3-9474-1A3956D46DE8}") = "Client", "Client", "{1388AB73-4B66-3CF8-85E9-5B9C269ADEFF}"
EndProject
Project("{2150E333-8FDC-42A3-9474-1A3956D46DE8}") = "Common", "Common", "{58B63C4D-F915-393E-A476-4697B81215B0}"
EndProject
Project("{2150E333-8FDC-42A3-9474-1A3956D46DE8}") = "Windows", "Windows", "{14DB0533-1411-3A74-8E8A-4FD176A60D21}"
EndProject
Project("{2150E333-8FDC-42A3-9474-1A3956D46DE8}") = "FreeRDP", "FreeRDP", "{0838DB9F-4C90-39A1-BAFB-D2A48FBE637F}"
EndProject
Project("{2150E333-8FDC-42A3-9474-1A3956D46DE8}") = "libfreerdp", "libfreerdp", "{2632864B-CF03-3366-AC1B-CAB57C9B70B9}"
EndProject
Project("{2150E333-8FDC-42A3-9474-1A3956D46DE8}") = "RdTk", "RdTk", "{6E3DC8A4-B320-3892-9E17-7A6DA98790A6}"
EndProject
Project("{2150E333-8FDC-42A3-9474-1A3956D46DE8}") = "WinPR", "WinPR", "{7578BA33-254E-3AD6-96B6-D14A2C1EFD09}"
EndProject
Project("{2150E333-8FDC-42A3-9474-1A3956D46DE8}") = "Tools", "Tools", "{213DE799-E843-3E10-B6EB-74C12CBEBA78}"
EndProject
Project("{2150E333-8FDC-42A3-9474-1A3956D46DE8}") = "libwinpr", "libwinpr", "{0D64FEBC-03C4-32D6-90C4-9069FCBCBD79}"
EndProject
Global
	GlobalSection(SolutionConfigurationPlatforms) = preSolution
		Debug|x64 = Debug|x64
		MinSizeRel|x64 = MinSizeRel|x64
		Release|x64 = Release|x64
		RelWithDebInfo|x64 = RelWithDebInfo|x64
	EndGlobalSection
	GlobalSection(ProjectConfigurationPlatforms) = postSolution
		{FBE1D0DB-A059-32FF-A474-9A1EDE344C70}.Debug|x64.ActiveCfg = Debug|x64
		{FBE1D0DB-A059-32FF-A474-9A1EDE344C70}.Debug|x64.Build.0 = Debug|x64
		{FBE1D0DB-A059-32FF-A474-9A1EDE344C70}.MinSizeRel|x64.ActiveCfg = MinSizeRel|x64
		{FBE1D0DB-A059-32FF-A474-9A1EDE344C70}.MinSizeRel|x64.Build.0 = MinSizeRel|x64
		{FBE1D0DB-A059-32FF-A474-9A1EDE344C70}.Release|x64.ActiveCfg = Release|x64
		{FBE1D0DB-A059-32FF-A474-9A1EDE344C70}.Release|x64.Build.0 = Release|x64
		{FBE1D0DB-A059-32FF-A474-9A1EDE344C70}.RelWithDebInfo|x64.ActiveCfg = RelWithDebInfo|x64
		{FBE1D0DB-A059-32FF-A474-9A1EDE344C70}.RelWithDebInfo|x64.Build.0 = RelWithDebInfo|x64
		{F3E64371-ED1C-3AD2-A2BA-FA8C03B3CB40}.Debug|x64.ActiveCfg = Debug|x64
		{F3E64371-ED1C-3AD2-A2BA-FA8C03B3CB40}.MinSizeRel|x64.ActiveCfg = MinSizeRel|x64
		{F3E64371-ED1C-3AD2-A2BA-FA8C03B3CB40}.Release|x64.ActiveCfg = Release|x64
		{F3E64371-ED1C-3AD2-A2BA-FA8C03B3CB40}.RelWithDebInfo|x64.ActiveCfg = RelWithDebInfo|x64
		{4F78CD06-6456-3CAB-8EC8-784CC70D4F03}.Debug|x64.ActiveCfg = Debug|x64
		{4F78CD06-6456-3CAB-8EC8-784CC70D4F03}.MinSizeRel|x64.ActiveCfg = MinSizeRel|x64
		{4F78CD06-6456-3CAB-8EC8-784CC70D4F03}.Release|x64.ActiveCfg = Release|x64
		{4F78CD06-6456-3CAB-8EC8-784CC70D4F03}.RelWithDebInfo|x64.ActiveCfg = RelWithDebInfo|x64
		{EEDE04A6-A8B2-356D-A553-1D494C5BF387}.Debug|x64.ActiveCfg = Debug|x64
		{EEDE04A6-A8B2-356D-A553-1D494C5BF387}.Debug|x64.Build.0 = Debug|x64
		{EEDE04A6-A8B2-356D-A553-1D494C5BF387}.MinSizeRel|x64.ActiveCfg = MinSizeRel|x64
		{EEDE04A6-A8B2-356D-A553-1D494C5BF387}.MinSizeRel|x64.Build.0 = MinSizeRel|x64
		{EEDE04A6-A8B2-356D-A553-1D494C5BF387}.Release|x64.ActiveCfg = Release|x64
		{EEDE04A6-A8B2-356D-A553-1D494C5BF387}.Release|x64.Build.0 = Release|x64
		{EEDE04A6-A8B2-356D-A553-1D494C5BF387}.RelWithDebInfo|x64.ActiveCfg = RelWithDebInfo|x64
		{EEDE04A6-A8B2-356D-A553-1D494C5BF387}.RelWithDebInfo|x64.Build.0 = RelWithDebInfo|x64
		{B3C6A96E-B5DB-3D74-929A-88CAB25F9F64}.Debug|x64.ActiveCfg = Debug|x64
		{B3C6A96E-B5DB-3D74-929A-88CAB25F9F64}.Debug|x64.Build.0 = Debug|x64
		{B3C6A96E-B5DB-3D74-929A-88CAB25F9F64}.MinSizeRel|x64.ActiveCfg = MinSizeRel|x64
		{B3C6A96E-B5DB-3D74-929A-88CAB25F9F64}.MinSizeRel|x64.Build.0 = MinSizeRel|x64
		{B3C6A96E-B5DB-3D74-929A-88CAB25F9F64}.Release|x64.ActiveCfg = Release|x64
		{B3C6A96E-B5DB-3D74-929A-88CAB25F9F64}.Release|x64.Build.0 = Release|x64
		{B3C6A96E-B5DB-3D74-929A-88CAB25F9F64}.RelWithDebInfo|x64.ActiveCfg = RelWithDebInfo|x64
		{B3C6A96E-B5DB-3D74-929A-88CAB25F9F64}.RelWithDebInfo|x64.Build.0 = RelWithDebInfo|x64
		{9DE34162-0910-3891-9A83-7D4D100F1F55}.Debug|x64.ActiveCfg = Debug|x64
		{9DE34162-0910-3891-9A83-7D4D100F1F55}.Debug|x64.Build.0 = Debug|x64
		{9DE34162-0910-3891-9A83-7D4D100F1F55}.MinSizeRel|x64.ActiveCfg = MinSizeRel|x64
		{9DE34162-0910-3891-9A83-7D4D100F1F55}.MinSizeRel|x64.Build.0 = MinSizeRel|x64
		{9DE34162-0910-3891-9A83-7D4D100F1F55}.Release|x64.ActiveCfg = Release|x64
		{9DE34162-0910-3891-9A83-7D4D100F1F55}.Release|x64.Build.0 = Release|x64
		{9DE34162-0910-3891-9A83-7D4D100F1F55}.RelWithDebInfo|x64.ActiveCfg = RelWithDebInfo|x64
		{9DE34162-0910-3891-9A83-7D4D100F1F55}.RelWithDebInfo|x64.Build.0 = RelWithDebInfo|x64
		{9BC0BA4C-BB19-3B5A-B28A-08F3595C0418}.Debug|x64.ActiveCfg = Debug|x64
		{9BC0BA4C-BB19-3B5A-B28A-08F3595C0418}.Debug|x64.Build.0 = Debug|x64
		{9BC0BA4C-BB19-3B5A-B28A-08F3595C0418}.MinSizeRel|x64.ActiveCfg = MinSizeRel|x64
		{9BC0BA4C-BB19-3B5A-B28A-08F3595C0418}.MinSizeRel|x64.Build.0 = MinSizeRel|x64
		{9BC0BA4C-BB19-3B5A-B28A-08F3595C0418}.Release|x64.ActiveCfg = Release|x64
		{9BC0BA4C-BB19-3B5A-B28A-08F3595C0418}.Release|x64.Build.0 = Release|x64
		{9BC0BA4C-BB19-3B5A-B28A-08F3595C0418}.RelWithDebInfo|x64.ActiveCfg = RelWithDebInfo|x64
		{9BC0BA4C-BB19-3B5A-B28A-08F3595C0418}.RelWithDebInfo|x64.Build.0 = RelWithDebInfo|x64
		{30CF1E5F-645A-3077-BE06-F31A265E608C}.Debug|x64.ActiveCfg = Debug|x64
		{30CF1E5F-645A-3077-BE06-F31A265E608C}.Debug|x64.Build.0 = Debug|x64
		{30CF1E5F-645A-3077-BE06-F31A265E608C}.MinSizeRel|x64.ActiveCfg = MinSizeRel|x64
		{30CF1E5F-645A-3077-BE06-F31A265E608C}.MinSizeRel|x64.Build.0 = MinSizeRel|x64
		{30CF1E5F-645A-3077-BE06-F31A265E608C}.Release|x64.ActiveCfg = Release|x64
		{30CF1E5F-645A-3077-BE06-F31A265E608C}.Release|x64.Build.0 = Release|x64
		{30CF1E5F-645A-3077-BE06-F31A265E608C}.RelWithDebInfo|x64.ActiveCfg = RelWithDebInfo|x64
		{30CF1E5F-645A-3077-BE06-F31A265E608C}.RelWithDebInfo|x64.Build.0 = RelWithDebInfo|x64
		{E73DFCF1-CB17-3657-8186-BB1681E0E32D}.Debug|x64.ActiveCfg = Debug|x64
		{E73DFCF1-CB17-3657-8186-BB1681E0E32D}.Debug|x64.Build.0 = Debug|x64
		{E73DFCF1-CB17-3657-8186-BB1681E0E32D}.MinSizeRel|x64.ActiveCfg = MinSizeRel|x64
		{E73DFCF1-CB17-3657-8186-BB1681E0E32D}.MinSizeRel|x64.Build.0 = MinSizeRel|x64
		{E73DFCF1-CB17-3657-8186-BB1681E0E32D}.Release|x64.ActiveCfg = Release|x64
		{E73DFCF1-CB17-3657-8186-BB1681E0E32D}.Release|x64.Build.0 = Release|x64
		{E73DFCF1-CB17-3657-8186-BB1681E0E32D}.RelWithDebInfo|x64.ActiveCfg = RelWithDebInfo|x64
		{E73DFCF1-CB17-3657-8186-BB1681E0E32D}.RelWithDebInfo|x64.Build.0 = RelWithDebInfo|x64
		{8368CCBA-2BBD-351E-B16B-D6FCE7E4A303}.Debug|x64.ActiveCfg = Debug|x64
		{8368CCBA-2BBD-351E-B16B-D6FCE7E4A303}.Debug|x64.Build.0 = Debug|x64
		{8368CCBA-2BBD-351E-B16B-D6FCE7E4A303}.MinSizeRel|x64.ActiveCfg = MinSizeRel|x64
		{8368CCBA-2BBD-351E-B16B-D6FCE7E4A303}.MinSizeRel|x64.Build.0 = MinSizeRel|x64
		{8368CCBA-2BBD-351E-B16B-D6FCE7E4A303}.Release|x64.ActiveCfg = Release|x64
		{8368CCBA-2BBD-351E-B16B-D6FCE7E4A303}.Release|x64.Build.0 = Release|x64
		{8368CCBA-2BBD-351E-B16B-D6FCE7E4A303}.RelWithDebInfo|x64.ActiveCfg = RelWithDebInfo|x64
		{8368CCBA-2BBD-351E-B16B-D6FCE7E4A303}.RelWithDebInfo|x64.Build.0 = RelWithDebInfo|x64
		{A9911F41-551B-30C2-BAB8-1B616CBF21FD}.Debug|x64.ActiveCfg = Debug|x64
		{A9911F41-551B-30C2-BAB8-1B616CBF21FD}.Debug|x64.Build.0 = Debug|x64
		{A9911F41-551B-30C2-BAB8-1B616CBF21FD}.MinSizeRel|x64.ActiveCfg = MinSizeRel|x64
		{A9911F41-551B-30C2-BAB8-1B616CBF21FD}.MinSizeRel|x64.Build.0 = MinSizeRel|x64
		{A9911F41-551B-30C2-BAB8-1B616CBF21FD}.Release|x64.ActiveCfg = Release|x64
		{A9911F41-551B-30C2-BAB8-1B616CBF21FD}.Release|x64.Build.0 = Release|x64
		{A9911F41-551B-30C2-BAB8-1B616CBF21FD}.RelWithDebInfo|x64.ActiveCfg = RelWithDebInfo|x64
		{A9911F41-551B-30C2-BAB8-1B616CBF21FD}.RelWithDebInfo|x64.Build.0 = RelWithDebInfo|x64
		{1EBEAA42-53ED-311D-A656-2B018D51832F}.Debug|x64.ActiveCfg = Debug|x64
		{1EBEAA42-53ED-311D-A656-2B018D51832F}.Debug|x64.Build.0 = Debug|x64
		{1EBEAA42-53ED-311D-A656-2B018D51832F}.MinSizeRel|x64.ActiveCfg = MinSizeRel|x64
		{1EBEAA42-53ED-311D-A656-2B018D51832F}.MinSizeRel|x64.Build.0 = MinSizeRel|x64
		{1EBEAA42-53ED-311D-A656-2B018D51832F}.Release|x64.ActiveCfg = Release|x64
		{1EBEAA42-53ED-311D-A656-2B018D51832F}.Release|x64.Build.0 = Release|x64
		{1EBEAA42-53ED-311D-A656-2B018D51832F}.RelWithDebInfo|x64.ActiveCfg = RelWithDebInfo|x64
		{1EBEAA42-53ED-311D-A656-2B018D51832F}.RelWithDebInfo|x64.Build.0 = RelWithDebInfo|x64
		{1438DA58-C4E9-3F73-A1FB-D407D3AAEA0D}.Debug|x64.ActiveCfg = Debug|x64
		{1438DA58-C4E9-3F73-A1FB-D407D3AAEA0D}.Debug|x64.Build.0 = Debug|x64
		{1438DA58-C4E9-3F73-A1FB-D407D3AAEA0D}.MinSizeRel|x64.ActiveCfg = MinSizeRel|x64
		{1438DA58-C4E9-3F73-A1FB-D407D3AAEA0D}.MinSizeRel|x64.Build.0 = MinSizeRel|x64
		{1438DA58-C4E9-3F73-A1FB-D407D3AAEA0D}.Release|x64.ActiveCfg = Release|x64
		{1438DA58-C4E9-3F73-A1FB-D407D3AAEA0D}.Release|x64.Build.0 = Release|x64
		{1438DA58-C4E9-3F73-A1FB-D407D3AAEA0D}.RelWithDebInfo|x64.ActiveCfg = RelWithDebInfo|x64
		{1438DA58-C4E9-3F73-A1FB-D407D3AAEA0D}.RelWithDebInfo|x64.Build.0 = RelWithDebInfo|x64
		{48F1CDA9-9E49-3A34-BA40-461142EDF882}.Debug|x64.ActiveCfg = Debug|x64
		{48F1CDA9-9E49-3A34-BA40-461142EDF882}.Debug|x64.Build.0 = Debug|x64
		{48F1CDA9-9E49-3A34-BA40-461142EDF882}.MinSizeRel|x64.ActiveCfg = MinSizeRel|x64
		{48F1CDA9-9E49-3A34-BA40-461142EDF882}.MinSizeRel|x64.Build.0 = MinSizeRel|x64
		{48F1CDA9-9E49-3A34-BA40-461142EDF882}.Release|x64.ActiveCfg = Release|x64
		{48F1CDA9-9E49-3A34-BA40-461142EDF882}.Release|x64.Build.0 = Release|x64
		{48F1CDA9-9E49-3A34-BA40-461142EDF882}.RelWithDebInfo|x64.ActiveCfg = RelWithDebInfo|x64
		{48F1CDA9-9E49-3A34-BA40-461142EDF882}.RelWithDebInfo|x64.Build.0 = RelWithDebInfo|x64
		{4AC67496-29C3-3313-AF03-2A18ADCDE620}.Debug|x64.ActiveCfg = Debug|x64
		{4AC67496-29C3-3313-AF03-2A18ADCDE620}.Debug|x64.Build.0 = Debug|x64
		{4AC67496-29C3-3313-AF03-2A18ADCDE620}.MinSizeRel|x64.ActiveCfg = MinSizeRel|x64
		{4AC67496-29C3-3313-AF03-2A18ADCDE620}.MinSizeRel|x64.Build.0 = MinSizeRel|x64
		{4AC67496-29C3-3313-AF03-2A18ADCDE620}.Release|x64.ActiveCfg = Release|x64
		{4AC67496-29C3-3313-AF03-2A18ADCDE620}.Release|x64.Build.0 = Release|x64
		{4AC67496-29C3-3313-AF03-2A18ADCDE620}.RelWithDebInfo|x64.ActiveCfg = RelWithDebInfo|x64
		{4AC67496-29C3-3313-AF03-2A18ADCDE620}.RelWithDebInfo|x64.Build.0 = RelWithDebInfo|x64
		{CC43FFC4-CBA7-32E4-B429-C1162A5DF62C}.Debug|x64.ActiveCfg = Debug|x64
		{CC43FFC4-CBA7-32E4-B429-C1162A5DF62C}.Debug|x64.Build.0 = Debug|x64
		{CC43FFC4-CBA7-32E4-B429-C1162A5DF62C}.MinSizeRel|x64.ActiveCfg = MinSizeRel|x64
		{CC43FFC4-CBA7-32E4-B429-C1162A5DF62C}.MinSizeRel|x64.Build.0 = MinSizeRel|x64
		{CC43FFC4-CBA7-32E4-B429-C1162A5DF62C}.Release|x64.ActiveCfg = Release|x64
		{CC43FFC4-CBA7-32E4-B429-C1162A5DF62C}.Release|x64.Build.0 = Release|x64
		{CC43FFC4-CBA7-32E4-B429-C1162A5DF62C}.RelWithDebInfo|x64.ActiveCfg = RelWithDebInfo|x64
		{CC43FFC4-CBA7-32E4-B429-C1162A5DF62C}.RelWithDebInfo|x64.Build.0 = RelWithDebInfo|x64
		{63F85182-9528-3E93-A1CA-99C40234D563}.Debug|x64.ActiveCfg = Debug|x64
		{63F85182-9528-3E93-A1CA-99C40234D563}.Debug|x64.Build.0 = Debug|x64
		{63F85182-9528-3E93-A1CA-99C40234D563}.MinSizeRel|x64.ActiveCfg = MinSizeRel|x64
		{63F85182-9528-3E93-A1CA-99C40234D563}.MinSizeRel|x64.Build.0 = MinSizeRel|x64
		{63F85182-9528-3E93-A1CA-99C40234D563}.Release|x64.ActiveCfg = Release|x64
		{63F85182-9528-3E93-A1CA-99C40234D563}.Release|x64.Build.0 = Release|x64
		{63F85182-9528-3E93-A1CA-99C40234D563}.RelWithDebInfo|x64.ActiveCfg = RelWithDebInfo|x64
		{63F85182-9528-3E93-A1CA-99C40234D563}.RelWithDebInfo|x64.Build.0 = RelWithDebInfo|x64
		{D21DA910-5112-37EF-AB1A-5A9CA51852C5}.Debug|x64.ActiveCfg = Debug|x64
		{D21DA910-5112-37EF-AB1A-5A9CA51852C5}.Debug|x64.Build.0 = Debug|x64
		{D21DA910-5112-37EF-AB1A-5A9CA51852C5}.MinSizeRel|x64.ActiveCfg = MinSizeRel|x64
		{D21DA910-5112-37EF-AB1A-5A9CA51852C5}.MinSizeRel|x64.Build.0 = MinSizeRel|x64
		{D21DA910-5112-37EF-AB1A-5A9CA51852C5}.Release|x64.ActiveCfg = Release|x64
		{D21DA910-5112-37EF-AB1A-5A9CA51852C5}.Release|x64.Build.0 = Release|x64
		{D21DA910-5112-37EF-AB1A-5A9CA51852C5}.RelWithDebInfo|x64.ActiveCfg = RelWithDebInfo|x64
		{D21DA910-5112-37EF-AB1A-5A9CA51852C5}.RelWithDebInfo|x64.Build.0 = RelWithDebInfo|x64
		{1BD9D5A9-90FA-3EA1-9055-E61946C641E3}.Debug|x64.ActiveCfg = Debug|x64
		{1BD9D5A9-90FA-3EA1-9055-E61946C641E3}.Debug|x64.Build.0 = Debug|x64
		{1BD9D5A9-90FA-3EA1-9055-E61946C641E3}.MinSizeRel|x64.ActiveCfg = MinSizeRel|x64
		{1BD9D5A9-90FA-3EA1-9055-E61946C641E3}.MinSizeRel|x64.Build.0 = MinSizeRel|x64
		{1BD9D5A9-90FA-3EA1-9055-E61946C641E3}.Release|x64.ActiveCfg = Release|x64
		{1BD9D5A9-90FA-3EA1-9055-E61946C641E3}.Release|x64.Build.0 = Release|x64
		{1BD9D5A9-90FA-3EA1-9055-E61946C641E3}.RelWithDebInfo|x64.ActiveCfg = RelWithDebInfo|x64
		{1BD9D5A9-90FA-3EA1-9055-E61946C641E3}.RelWithDebInfo|x64.Build.0 = RelWithDebInfo|x64
		{BDBA998E-BD8A-3B3B-B1A1-7D05481CBF2F}.Debug|x64.ActiveCfg = Debug|x64
		{BDBA998E-BD8A-3B3B-B1A1-7D05481CBF2F}.Debug|x64.Build.0 = Debug|x64
		{BDBA998E-BD8A-3B3B-B1A1-7D05481CBF2F}.MinSizeRel|x64.ActiveCfg = MinSizeRel|x64
		{BDBA998E-BD8A-3B3B-B1A1-7D05481CBF2F}.MinSizeRel|x64.Build.0 = MinSizeRel|x64
		{BDBA998E-BD8A-3B3B-B1A1-7D05481CBF2F}.Release|x64.ActiveCfg = Release|x64
		{BDBA998E-BD8A-3B3B-B1A1-7D05481CBF2F}.Release|x64.Build.0 = Release|x64
		{BDBA998E-BD8A-3B3B-B1A1-7D05481CBF2F}.RelWithDebInfo|x64.ActiveCfg = RelWithDebInfo|x64
		{BDBA998E-BD8A-3B3B-B1A1-7D05481CBF2F}.RelWithDebInfo|x64.Build.0 = RelWithDebInfo|x64
		{0EC26060-160D-3D7C-8679-D3A0AD065EE4}.Debug|x64.ActiveCfg = Debug|x64
		{0EC26060-160D-3D7C-8679-D3A0AD065EE4}.Debug|x64.Build.0 = Debug|x64
		{0EC26060-160D-3D7C-8679-D3A0AD065EE4}.MinSizeRel|x64.ActiveCfg = MinSizeRel|x64
		{0EC26060-160D-3D7C-8679-D3A0AD065EE4}.MinSizeRel|x64.Build.0 = MinSizeRel|x64
		{0EC26060-160D-3D7C-8679-D3A0AD065EE4}.Release|x64.ActiveCfg = Release|x64
		{0EC26060-160D-3D7C-8679-D3A0AD065EE4}.Release|x64.Build.0 = Release|x64
		{0EC26060-160D-3D7C-8679-D3A0AD065EE4}.RelWithDebInfo|x64.ActiveCfg = RelWithDebInfo|x64
		{0EC26060-160D-3D7C-8679-D3A0AD065EE4}.RelWithDebInfo|x64.Build.0 = RelWithDebInfo|x64
		{79345ABA-34F0-3DE6-B48D-325470E29B7F}.Debug|x64.ActiveCfg = Debug|x64
		{79345ABA-34F0-3DE6-B48D-325470E29B7F}.Debug|x64.Build.0 = Debug|x64
		{79345ABA-34F0-3DE6-B48D-325470E29B7F}.MinSizeRel|x64.ActiveCfg = MinSizeRel|x64
		{79345ABA-34F0-3DE6-B48D-325470E29B7F}.MinSizeRel|x64.Build.0 = MinSizeRel|x64
		{79345ABA-34F0-3DE6-B48D-325470E29B7F}.Release|x64.ActiveCfg = Release|x64
		{79345ABA-34F0-3DE6-B48D-325470E29B7F}.Release|x64.Build.0 = Release|x64
		{79345ABA-34F0-3DE6-B48D-325470E29B7F}.RelWithDebInfo|x64.ActiveCfg = RelWithDebInfo|x64
		{79345ABA-34F0-3DE6-B48D-325470E29B7F}.RelWithDebInfo|x64.Build.0 = RelWithDebInfo|x64
		{167DE9EB-CC22-3C69-BC90-71B0D3C20384}.Debug|x64.ActiveCfg = Debug|x64
		{167DE9EB-CC22-3C69-BC90-71B0D3C20384}.Debug|x64.Build.0 = Debug|x64
		{167DE9EB-CC22-3C69-BC90-71B0D3C20384}.MinSizeRel|x64.ActiveCfg = MinSizeRel|x64
		{167DE9EB-CC22-3C69-BC90-71B0D3C20384}.MinSizeRel|x64.Build.0 = MinSizeRel|x64
		{167DE9EB-CC22-3C69-BC90-71B0D3C20384}.Release|x64.ActiveCfg = Release|x64
		{167DE9EB-CC22-3C69-BC90-71B0D3C20384}.Release|x64.Build.0 = Release|x64
		{167DE9EB-CC22-3C69-BC90-71B0D3C20384}.RelWithDebInfo|x64.ActiveCfg = RelWithDebInfo|x64
		{167DE9EB-CC22-3C69-BC90-71B0D3C20384}.RelWithDebInfo|x64.Build.0 = RelWithDebInfo|x64
		{A5BA5A49-9495-33E3-BE71-904C3579BF7F}.Debug|x64.ActiveCfg = Debug|x64
		{A5BA5A49-9495-33E3-BE71-904C3579BF7F}.Debug|x64.Build.0 = Debug|x64
		{A5BA5A49-9495-33E3-BE71-904C3579BF7F}.MinSizeRel|x64.ActiveCfg = MinSizeRel|x64
		{A5BA5A49-9495-33E3-BE71-904C3579BF7F}.MinSizeRel|x64.Build.0 = MinSizeRel|x64
		{A5BA5A49-9495-33E3-BE71-904C3579BF7F}.Release|x64.ActiveCfg = Release|x64
		{A5BA5A49-9495-33E3-BE71-904C3579BF7F}.Release|x64.Build.0 = Release|x64
		{A5BA5A49-9495-33E3-BE71-904C3579BF7F}.RelWithDebInfo|x64.ActiveCfg = RelWithDebInfo|x64
		{A5BA5A49-9495-33E3-BE71-904C3579BF7F}.RelWithDebInfo|x64.Build.0 = RelWithDebInfo|x64
		{0C7AD636-01B6-3EE7-B925-A64C39E62B56}.Debug|x64.ActiveCfg = Debug|x64
		{0C7AD636-01B6-3EE7-B925-A64C39E62B56}.Debug|x64.Build.0 = Debug|x64
		{0C7AD636-01B6-3EE7-B925-A64C39E62B56}.MinSizeRel|x64.ActiveCfg = MinSizeRel|x64
		{0C7AD636-01B6-3EE7-B925-A64C39E62B56}.MinSizeRel|x64.Build.0 = MinSizeRel|x64
		{0C7AD636-01B6-3EE7-B925-A64C39E62B56}.Release|x64.ActiveCfg = Release|x64
		{0C7AD636-01B6-3EE7-B925-A64C39E62B56}.Release|x64.Build.0 = Release|x64
		{0C7AD636-01B6-3EE7-B925-A64C39E62B56}.RelWithDebInfo|x64.ActiveCfg = RelWithDebInfo|x64
		{0C7AD636-01B6-3EE7-B925-A64C39E62B56}.RelWithDebInfo|x64.Build.0 = RelWithDebInfo|x64
		{217C5F2B-D2F1-35A5-98ED-B29CDBC60155}.Debug|x64.ActiveCfg = Debug|x64
		{217C5F2B-D2F1-35A5-98ED-B29CDBC60155}.Debug|x64.Build.0 = Debug|x64
		{217C5F2B-D2F1-35A5-98ED-B29CDBC60155}.MinSizeRel|x64.ActiveCfg = MinSizeRel|x64
		{217C5F2B-D2F1-35A5-98ED-B29CDBC60155}.MinSizeRel|x64.Build.0 = MinSizeRel|x64
		{217C5F2B-D2F1-35A5-98ED-B29CDBC60155}.Release|x64.ActiveCfg = Release|x64
		{217C5F2B-D2F1-35A5-98ED-B29CDBC60155}.Release|x64.Build.0 = Release|x64
		{217C5F2B-D2F1-35A5-98ED-B29CDBC60155}.RelWithDebInfo|x64.ActiveCfg = RelWithDebInfo|x64
		{217C5F2B-D2F1-35A5-98ED-B29CDBC60155}.RelWithDebInfo|x64.Build.0 = RelWithDebInfo|x64
		{8225320E-D9BA-3FEA-80A6-4449E0D810F4}.Debug|x64.ActiveCfg = Debug|x64
		{8225320E-D9BA-3FEA-80A6-4449E0D810F4}.Debug|x64.Build.0 = Debug|x64
		{8225320E-D9BA-3FEA-80A6-4449E0D810F4}.MinSizeRel|x64.ActiveCfg = MinSizeRel|x64
		{8225320E-D9BA-3FEA-80A6-4449E0D810F4}.MinSizeRel|x64.Build.0 = MinSizeRel|x64
		{8225320E-D9BA-3FEA-80A6-4449E0D810F4}.Release|x64.ActiveCfg = Release|x64
		{8225320E-D9BA-3FEA-80A6-4449E0D810F4}.Release|x64.Build.0 = Release|x64
		{8225320E-D9BA-3FEA-80A6-4449E0D810F4}.RelWithDebInfo|x64.ActiveCfg = RelWithDebInfo|x64
		{8225320E-D9BA-3FEA-80A6-4449E0D810F4}.RelWithDebInfo|x64.Build.0 = RelWithDebInfo|x64
		{2AE9EAA8-6F87-3B52-AA91-16BF977089EE}.Debug|x64.ActiveCfg = Debug|x64
		{2AE9EAA8-6F87-3B52-AA91-16BF977089EE}.Debug|x64.Build.0 = Debug|x64
		{2AE9EAA8-6F87-3B52-AA91-16BF977089EE}.MinSizeRel|x64.ActiveCfg = MinSizeRel|x64
		{2AE9EAA8-6F87-3B52-AA91-16BF977089EE}.MinSizeRel|x64.Build.0 = MinSizeRel|x64
		{2AE9EAA8-6F87-3B52-AA91-16BF977089EE}.Release|x64.ActiveCfg = Release|x64
		{2AE9EAA8-6F87-3B52-AA91-16BF977089EE}.Release|x64.Build.0 = Release|x64
		{2AE9EAA8-6F87-3B52-AA91-16BF977089EE}.RelWithDebInfo|x64.ActiveCfg = RelWithDebInfo|x64
		{2AE9EAA8-6F87-3B52-AA91-16BF977089EE}.RelWithDebInfo|x64.Build.0 = RelWithDebInfo|x64
		{1CCECE40-07FE-3CFD-AA6D-6A1B88FB95D9}.Debug|x64.ActiveCfg = Debug|x64
		{1CCECE40-07FE-3CFD-AA6D-6A1B88FB95D9}.Debug|x64.Build.0 = Debug|x64
		{1CCECE40-07FE-3CFD-AA6D-6A1B88FB95D9}.MinSizeRel|x64.ActiveCfg = MinSizeRel|x64
		{1CCECE40-07FE-3CFD-AA6D-6A1B88FB95D9}.MinSizeRel|x64.Build.0 = MinSizeRel|x64
		{1CCECE40-07FE-3CFD-AA6D-6A1B88FB95D9}.Release|x64.ActiveCfg = Release|x64
		{1CCECE40-07FE-3CFD-AA6D-6A1B88FB95D9}.Release|x64.Build.0 = Release|x64
		{1CCECE40-07FE-3CFD-AA6D-6A1B88FB95D9}.RelWithDebInfo|x64.ActiveCfg = RelWithDebInfo|x64
		{1CCECE40-07FE-3CFD-AA6D-6A1B88FB95D9}.RelWithDebInfo|x64.Build.0 = RelWithDebInfo|x64
	EndGlobalSection
	GlobalSection(SolutionProperties) = preSolution
		HideSolutionNode = FALSE
	EndGlobalSection
	GlobalSection(NestedProjects) = preSolution
		{F3E64371-ED1C-3AD2-A2BA-FA8C03B3CB40} = {F47DB357-F1FF-3141-BF10-A34377CB9609}
		{4F78CD06-6456-3CAB-8EC8-784CC70D4F03} = {F47DB357-F1FF-3141-BF10-A34377CB9609}
		{EEDE04A6-A8B2-356D-A553-1D494C5BF387} = {FF7EA717-0B34-3CC1-9738-7D099510A134}
		{B3C6A96E-B5DB-3D74-929A-88CAB25F9F64} = {CAED4D87-0E8A-336D-8AB0-E36057B3E573}
		{9DE34162-0910-3891-9A83-7D4D100F1F55} = {36AEC546-5036-3575-A5D8-9391584939FF}
		{9BC0BA4C-BB19-3B5A-B28A-08F3595C0418} = {E55DA622-63EC-39D7-9404-3398277A6360}
		{30CF1E5F-645A-3077-BE06-F31A265E608C} = {D97ABBBB-C635-377D-A552-D50A2219C93D}
		{E73DFCF1-CB17-3657-8186-BB1681E0E32D} = {AD06666A-FB81-37B8-9BCF-562C54AC7A18}
		{8368CCBA-2BBD-351E-B16B-D6FCE7E4A303} = {293981CA-D06B-37F0-A8AB-D144F0B2E62E}
		{A9911F41-551B-30C2-BAB8-1B616CBF21FD} = {3EADEBB7-13F7-30CC-8FC2-A2ED7F40C9E4}
		{1EBEAA42-53ED-311D-A656-2B018D51832F} = {2632864B-CF03-3366-AC1B-CAB57C9B70B9}
		{1438DA58-C4E9-3F73-A1FB-D407D3AAEA0D} = {58B63C4D-F915-393E-A476-4697B81215B0}
		{48F1CDA9-9E49-3A34-BA40-461142EDF882} = {20006B20-9E08-34C5-A257-BCCA5347054E}
		{4AC67496-29C3-3313-AF03-2A18ADCDE620} = {8AA09F07-DAA5-3C28-9B3B-112296552A9A}
		{CC43FFC4-CBA7-32E4-B429-C1162A5DF62C} = {F53C8B2A-5CA2-3E52-A14A-410C5494F6A0}
		{63F85182-9528-3E93-A1CA-99C40234D563} = {D6581430-F872-39D9-AB62-823570765F16}
		{D21DA910-5112-37EF-AB1A-5A9CA51852C5} = {84FCC047-5A47-30ED-95CF-00CAE00AB154}
		{1BD9D5A9-90FA-3EA1-9055-E61946C641E3} = {EE3CDB67-9F62-3766-B5C1-9EEF997DBD4D}
		{BDBA998E-BD8A-3B3B-B1A1-7D05481CBF2F} = {DBBBE82B-459B-364C-8F00-11BF5966F37C}
		{0EC26060-160D-3D7C-8679-D3A0AD065EE4} = {6E3DC8A4-B320-3892-9E17-7A6DA98790A6}
		{79345ABA-34F0-3DE6-B48D-325470E29B7F} = {1F0631A3-6094-3D37-B730-A8CC84DB4F3E}
		{167DE9EB-CC22-3C69-BC90-71B0D3C20384} = {D2439BF9-F819-3313-8EE9-3BA8A6A16708}
		{A5BA5A49-9495-33E3-BE71-904C3579BF7F} = {14DB0533-1411-3A74-8E8A-4FD176A60D21}
		{0C7AD636-01B6-3EE7-B925-A64C39E62B56} = {14DB0533-1411-3A74-8E8A-4FD176A60D21}
		{217C5F2B-D2F1-35A5-98ED-B29CDBC60155} = {0D64FEBC-03C4-32D6-90C4-9069FCBCBD79}
		{8225320E-D9BA-3FEA-80A6-4449E0D810F4} = {213DE799-E843-3E10-B6EB-74C12CBEBA78}
		{2AE9EAA8-6F87-3B52-AA91-16BF977089EE} = {213DE799-E843-3E10-B6EB-74C12CBEBA78}
		{1CCECE40-07FE-3CFD-AA6D-6A1B88FB95D9} = {213DE799-E843-3E10-B6EB-74C12CBEBA78}
		{4633E711-C903-35FF-9325-C5DA985657DA} = {8EE7D5C8-CA4D-3C83-A221-196BB64B549C}
		{FF7EA717-0B34-3CC1-9738-7D099510A134} = {4633E711-C903-35FF-9325-C5DA985657DA}
		{CAED4D87-0E8A-336D-8AB0-E36057B3E573} = {FF7EA717-0B34-3CC1-9738-7D099510A134}
		{D696D7B5-EA12-36B8-997A-9514656CDF91} = {8EE7D5C8-CA4D-3C83-A221-196BB64B549C}
		{36AEC546-5036-3575-A5D8-9391584939FF} = {D696D7B5-EA12-36B8-997A-9514656CDF91}
		{AA9F5458-F7E9-3B1C-B77A-3842C5813ABA} = {8EE7D5C8-CA4D-3C83-A221-196BB64B549C}
		{E55DA622-63EC-39D7-9404-3398277A6360} = {AA9F5458-F7E9-3B1C-B77A-3842C5813ABA}
		{F6B96CBA-E98F-3171-89CC-DAD699AECD9D} = {8EE7D5C8-CA4D-3C83-A221-196BB64B549C}
		{D97ABBBB-C635-377D-A552-D50A2219C93D} = {F6B96CBA-E98F-3171-89CC-DAD699AECD9D}
		{D734180A-3E68-3087-8F2A-9755A4B77607} = {8EE7D5C8-CA4D-3C83-A221-196BB64B549C}
		{AD06666A-FB81-37B8-9BCF-562C54AC7A18} = {D734180A-3E68-3087-8F2A-9755A4B77607}
		{65CF07A2-7000-35B7-9EC6-E50521316AD8} = {8EE7D5C8-CA4D-3C83-A221-196BB64B549C}
		{293981CA-D06B-37F0-A8AB-D144F0B2E62E} = {65CF07A2-7000-35B7-9EC6-E50521316AD8}
		{88575384-23A9-3720-96D1-CEDF0BA7E5C6} = {8EE7D5C8-CA4D-3C83-A221-196BB64B549C}
		{3EADEBB7-13F7-30CC-8FC2-A2ED7F40C9E4} = {88575384-23A9-3720-96D1-CEDF0BA7E5C6}
		{30FADF58-1B9C-344A-BA62-A56D8DD84176} = {8EE7D5C8-CA4D-3C83-A221-196BB64B549C}
		{20006B20-9E08-34C5-A257-BCCA5347054E} = {30FADF58-1B9C-344A-BA62-A56D8DD84176}
		{74EE48DA-AB95-3A30-8C7C-B5CBF313E477} = {8EE7D5C8-CA4D-3C83-A221-196BB64B549C}
		{8AA09F07-DAA5-3C28-9B3B-112296552A9A} = {74EE48DA-AB95-3A30-8C7C-B5CBF313E477}
		{09FD83CA-90E2-3066-9C00-329EFA6C2EC7} = {8EE7D5C8-CA4D-3C83-A221-196BB64B549C}
		{F53C8B2A-5CA2-3E52-A14A-410C5494F6A0} = {09FD83CA-90E2-3066-9C00-329EFA6C2EC7}
		{B54AB3CC-C14F-3076-A6BA-5ACE3439FF06} = {8EE7D5C8-CA4D-3C83-A221-196BB64B549C}
		{D6581430-F872-39D9-AB62-823570765F16} = {B54AB3CC-C14F-3076-A6BA-5ACE3439FF06}
		{34E91392-19F4-335B-B8A6-7769F5842FF9} = {8EE7D5C8-CA4D-3C83-A221-196BB64B549C}
		{84FCC047-5A47-30ED-95CF-00CAE00AB154} = {34E91392-19F4-335B-B8A6-7769F5842FF9}
		{548043F6-F9B6-3109-8746-2455D7DBE7C6} = {8EE7D5C8-CA4D-3C83-A221-196BB64B549C}
		{EE3CDB67-9F62-3766-B5C1-9EEF997DBD4D} = {548043F6-F9B6-3109-8746-2455D7DBE7C6}
		{DBBBE82B-459B-364C-8F00-11BF5966F37C} = {EE3CDB67-9F62-3766-B5C1-9EEF997DBD4D}
		{06F327D4-DB48-3577-969F-A4FBA5728578} = {8EE7D5C8-CA4D-3C83-A221-196BB64B549C}
		{1F0631A3-6094-3D37-B730-A8CC84DB4F3E} = {06F327D4-DB48-3577-969F-A4FBA5728578}
		{01E7B266-3876-3131-862E-2F9013903436} = {8EE7D5C8-CA4D-3C83-A221-196BB64B549C}
		{D2439BF9-F819-3313-8EE9-3BA8A6A16708} = {01E7B266-3876-3131-862E-2F9013903436}
		{58B63C4D-F915-393E-A476-4697B81215B0} = {1388AB73-4B66-3CF8-85E9-5B9C269ADEFF}
		{14DB0533-1411-3A74-8E8A-4FD176A60D21} = {1388AB73-4B66-3CF8-85E9-5B9C269ADEFF}
		{2632864B-CF03-3366-AC1B-CAB57C9B70B9} = {0838DB9F-4C90-39A1-BAFB-D2A48FBE637F}
		{213DE799-E843-3E10-B6EB-74C12CBEBA78} = {7578BA33-254E-3AD6-96B6-D14A2C1EFD09}
		{0D64FEBC-03C4-32D6-90C4-9069FCBCBD79} = {7578BA33-254E-3AD6-96B6-D14A2C1EFD09}
	EndGlobalSection
EndGlobal
