Microsoft Visual Studio Solution File, Format Version 12.00
# Visual Studio 2013
Project("{8BC9CEB8-8B4A-11D0-8D11-00A0C91BC942}") = "ALL_BUILD", "ALL_BUILD.vcxproj", "{FBE1D0DB-A059-32FF-A474-9A1EDE344C70}"
	ProjectSection(ProjectDependencies) = postProject
		{217C5F2B-D2F1-35A5-98ED-B29CDBC60155} = {217C5F2B-D2F1-35A5-98ED-B29CDBC60155}
		{8225320E-D9BA-3FEA-80A6-4449E0D810F4} = {8225320E-D9BA-3FEA-80A6-4449E0D810F4}
		{2AE9EAA8-6F87-3B52-AA91-16BF977089EE} = {2AE9EAA8-6F87-3B52-AA91-16BF977089EE}
		{1CCECE40-07FE-3CFD-AA6D-6A1B88FB95D9} = {1CCECE40-07FE-3CFD-AA6D-6A1B88FB95D9}
	EndProjectSection
EndProject
Project("{8BC9CEB8-8B4A-11D0-8D11-00A0C91BC942}") = "INSTALL", "INSTALL.vcxproj", "{F3E64371-ED1C-3AD2-A2BA-FA8C03B3CB40}"
	ProjectSection(ProjectDependencies) = postProject
		{FBE1D0DB-A059-32FF-A474-9A1EDE344C70} = {FBE1D0DB-A059-32FF-A474-9A1EDE344C70}
	EndProjectSection
EndProject
Project("{8BC9CEB8-8B4A-11D0-8D11-00A0C91BC942}") = "PACKAGE", "PACKAGE.vcxproj", "{4F78CD06-6456-3CAB-8EC8-784CC70D4F03}"
	ProjectSection(ProjectDependencies) = postProject
		{FBE1D0DB-A059-32FF-A474-9A1EDE344C70} = {FBE1D0DB-A059-32FF-A474-9A1EDE344C70}
	EndProjectSection
EndProject
Project("{8BC9CEB8-8B4A-11D0-8D11-00A0C91BC942}") = "winpr", "libwinpr\winpr.vcxproj", "{217C5F2B-D2F1-35A5-98ED-B29CDBC60155}"
	ProjectSection(ProjectDependencies) = postProject
	EndProjectSection
EndProject
Project("{8BC9CEB8-8B4A-11D0-8D11-00A0C91BC942}") = "winpr-hash", "tools\hash\winpr-hash.vcxproj", "{8225320E-D9BA-3FEA-80A6-4449E0D810F4}"
	ProjectSection(ProjectDependencies) = postProject
		{217C5F2B-D2F1-35A5-98ED-B29CDBC60155} = {217C5F2B-D2F1-35A5-98ED-B29CDBC60155}
	EndProjectSection
EndProject
Project("{8BC9CEB8-8B4A-11D0-8D11-00A0C91BC942}") = "winpr-makecert", "tools\makecert\cli\winpr-makecert.vcxproj", "{2AE9EAA8-6F87-3B52-AA91-16BF977089EE}"
	ProjectSection(ProjectDependencies) = postProject
		{217C5F2B-D2F1-35A5-98ED-B29CDBC60155} = {217C5F2B-D2F1-35A5-98ED-B29CDBC60155}
		{1CCECE40-07FE-3CFD-AA6D-6A1B88FB95D9} = {1CCECE40-07FE-3CFD-AA6D-6A1B88FB95D9}
	EndProjectSection
EndProject
Project("{8BC9CEB8-8B4A-11D0-8D11-00A0C91BC942}") = "winpr-makecert-tool", "tools\makecert\winpr-makecert-tool.vcxproj", "{1CCECE40-07FE-3CFD-AA6D-6A1B88FB95D9}"
	ProjectSection(ProjectDependencies) = postProject
		{217C5F2B-D2F1-35A5-98ED-B29CDBC60155} = {217C5F2B-D2F1-35A5-98ED-B29CDBC60155}
	EndProjectSection
EndProject
Project("{2150E333-8FDC-42A3-9474-1A3956D46DE8}") = "CMakePredefinedTargets", "CMakePredefinedTargets", "{F47DB357-F1FF-3141-BF10-A34377CB9609}"
EndProject
Project("{2150E333-8FDC-42A3-9474-1A3956D46DE8}") = "WinPR", "WinPR", "{7578BA33-254E-3AD6-96B6-D14A2C1EFD09}"
EndProject
Project("{2150E333-8FDC-42A3-9474-1A3956D46DE8}") = "Tools", "WinPR\Tools", "{213DE799-E843-3E10-B6EB-74C12CBEBA78}"
EndProject
Project("{2150E333-8FDC-42A3-9474-1A3956D46DE8}") = "libwinpr", "WinPR\libwinpr", "{0D64FEBC-03C4-32D6-90C4-9069FCBCBD79}"
EndProject
Global
	GlobalSection(SolutionConfigurationPlatforms) = preSolution
		Debug|x64 = Debug|x64
		Release|x64 = Release|x64
		MinSizeRel|x64 = MinSizeRel|x64
		RelWithDebInfo|x64 = RelWithDebInfo|x64
	EndGlobalSection
	GlobalSection(ProjectConfigurationPlatforms) = postSolution
		{FBE1D0DB-A059-32FF-A474-9A1EDE344C70}.Debug|x64.ActiveCfg = Debug|x64
		{FBE1D0DB-A059-32FF-A474-9A1EDE344C70}.Debug|x64.Build.0 = Debug|x64
		{FBE1D0DB-A059-32FF-A474-9A1EDE344C70}.Release|x64.ActiveCfg = Release|x64
		{FBE1D0DB-A059-32FF-A474-9A1EDE344C70}.Release|x64.Build.0 = Release|x64
		{FBE1D0DB-A059-32FF-A474-9A1EDE344C70}.MinSizeRel|x64.ActiveCfg = MinSizeRel|x64
		{FBE1D0DB-A059-32FF-A474-9A1EDE344C70}.MinSizeRel|x64.Build.0 = MinSizeRel|x64
		{FBE1D0DB-A059-32FF-A474-9A1EDE344C70}.RelWithDebInfo|x64.ActiveCfg = RelWithDebInfo|x64
		{FBE1D0DB-A059-32FF-A474-9A1EDE344C70}.RelWithDebInfo|x64.Build.0 = RelWithDebInfo|x64
		{F3E64371-ED1C-3AD2-A2BA-FA8C03B3CB40}.Debug|x64.ActiveCfg = Debug|x64
		{F3E64371-ED1C-3AD2-A2BA-FA8C03B3CB40}.Release|x64.ActiveCfg = Release|x64
		{F3E64371-ED1C-3AD2-A2BA-FA8C03B3CB40}.MinSizeRel|x64.ActiveCfg = MinSizeRel|x64
		{F3E64371-ED1C-3AD2-A2BA-FA8C03B3CB40}.RelWithDebInfo|x64.ActiveCfg = RelWithDebInfo|x64
		{4F78CD06-6456-3CAB-8EC8-784CC70D4F03}.Debug|x64.ActiveCfg = Debug|x64
		{4F78CD06-6456-3CAB-8EC8-784CC70D4F03}.Release|x64.ActiveCfg = Release|x64
		{4F78CD06-6456-3CAB-8EC8-784CC70D4F03}.MinSizeRel|x64.ActiveCfg = MinSizeRel|x64
		{4F78CD06-6456-3CAB-8EC8-784CC70D4F03}.RelWithDebInfo|x64.ActiveCfg = RelWithDebInfo|x64
		{217C5F2B-D2F1-35A5-98ED-B29CDBC60155}.Debug|x64.ActiveCfg = Debug|x64
		{217C5F2B-D2F1-35A5-98ED-B29CDBC60155}.Debug|x64.Build.0 = Debug|x64
		{217C5F2B-D2F1-35A5-98ED-B29CDBC60155}.Release|x64.ActiveCfg = Release|x64
		{217C5F2B-D2F1-35A5-98ED-B29CDBC60155}.Release|x64.Build.0 = Release|x64
		{217C5F2B-D2F1-35A5-98ED-B29CDBC60155}.MinSizeRel|x64.ActiveCfg = MinSizeRel|x64
		{217C5F2B-D2F1-35A5-98ED-B29CDBC60155}.MinSizeRel|x64.Build.0 = MinSizeRel|x64
		{217C5F2B-D2F1-35A5-98ED-B29CDBC60155}.RelWithDebInfo|x64.ActiveCfg = RelWithDebInfo|x64
		{217C5F2B-D2F1-35A5-98ED-B29CDBC60155}.RelWithDebInfo|x64.Build.0 = RelWithDebInfo|x64
		{8225320E-D9BA-3FEA-80A6-4449E0D810F4}.Debug|x64.ActiveCfg = Debug|x64
		{8225320E-D9BA-3FEA-80A6-4449E0D810F4}.Debug|x64.Build.0 = Debug|x64
		{8225320E-D9BA-3FEA-80A6-4449E0D810F4}.Release|x64.ActiveCfg = Release|x64
		{8225320E-D9BA-3FEA-80A6-4449E0D810F4}.Release|x64.Build.0 = Release|x64
		{8225320E-D9BA-3FEA-80A6-4449E0D810F4}.MinSizeRel|x64.ActiveCfg = MinSizeRel|x64
		{8225320E-D9BA-3FEA-80A6-4449E0D810F4}.MinSizeRel|x64.Build.0 = MinSizeRel|x64
		{8225320E-D9BA-3FEA-80A6-4449E0D810F4}.RelWithDebInfo|x64.ActiveCfg = RelWithDebInfo|x64
		{8225320E-D9BA-3FEA-80A6-4449E0D810F4}.RelWithDebInfo|x64.Build.0 = RelWithDebInfo|x64
		{2AE9EAA8-6F87-3B52-AA91-16BF977089EE}.Debug|x64.ActiveCfg = Debug|x64
		{2AE9EAA8-6F87-3B52-AA91-16BF977089EE}.Debug|x64.Build.0 = Debug|x64
		{2AE9EAA8-6F87-3B52-AA91-16BF977089EE}.Release|x64.ActiveCfg = Release|x64
		{2AE9EAA8-6F87-3B52-AA91-16BF977089EE}.Release|x64.Build.0 = Release|x64
		{2AE9EAA8-6F87-3B52-AA91-16BF977089EE}.MinSizeRel|x64.ActiveCfg = MinSizeRel|x64
		{2AE9EAA8-6F87-3B52-AA91-16BF977089EE}.MinSizeRel|x64.Build.0 = MinSizeRel|x64
		{2AE9EAA8-6F87-3B52-AA91-16BF977089EE}.RelWithDebInfo|x64.ActiveCfg = RelWithDebInfo|x64
		{2AE9EAA8-6F87-3B52-AA91-16BF977089EE}.RelWithDebInfo|x64.Build.0 = RelWithDebInfo|x64
		{1CCECE40-07FE-3CFD-AA6D-6A1B88FB95D9}.Debug|x64.ActiveCfg = Debug|x64
		{1CCECE40-07FE-3CFD-AA6D-6A1B88FB95D9}.Debug|x64.Build.0 = Debug|x64
		{1CCECE40-07FE-3CFD-AA6D-6A1B88FB95D9}.Release|x64.ActiveCfg = Release|x64
		{1CCECE40-07FE-3CFD-AA6D-6A1B88FB95D9}.Release|x64.Build.0 = Release|x64
		{1CCECE40-07FE-3CFD-AA6D-6A1B88FB95D9}.MinSizeRel|x64.ActiveCfg = MinSizeRel|x64
		{1CCECE40-07FE-3CFD-AA6D-6A1B88FB95D9}.MinSizeRel|x64.Build.0 = MinSizeRel|x64
		{1CCECE40-07FE-3CFD-AA6D-6A1B88FB95D9}.RelWithDebInfo|x64.ActiveCfg = RelWithDebInfo|x64
		{1CCECE40-07FE-3CFD-AA6D-6A1B88FB95D9}.RelWithDebInfo|x64.Build.0 = RelWithDebInfo|x64
	EndGlobalSection
	GlobalSection(NestedProjects) = preSolution
		{F3E64371-ED1C-3AD2-A2BA-FA8C03B3CB40} = {F47DB357-F1FF-3141-BF10-A34377CB9609}
		{4F78CD06-6456-3CAB-8EC8-784CC70D4F03} = {F47DB357-F1FF-3141-BF10-A34377CB9609}
		{213DE799-E843-3E10-B6EB-74C12CBEBA78} = {7578BA33-254E-3AD6-96B6-D14A2C1EFD09}
		{0D64FEBC-03C4-32D6-90C4-9069FCBCBD79} = {7578BA33-254E-3AD6-96B6-D14A2C1EFD09}
		{8225320E-D9BA-3FEA-80A6-4449E0D810F4} = {213DE799-E843-3E10-B6EB-74C12CBEBA78}
		{2AE9EAA8-6F87-3B52-AA91-16BF977089EE} = {213DE799-E843-3E10-B6EB-74C12CBEBA78}
		{1CCECE40-07FE-3CFD-AA6D-6A1B88FB95D9} = {213DE799-E843-3E10-B6EB-74C12CBEBA78}
		{217C5F2B-D2F1-35A5-98ED-B29CDBC60155} = {0D64FEBC-03C4-32D6-90C4-9069FCBCBD79}
	EndGlobalSection
	GlobalSection(ExtensibilityGlobals) = postSolution
	EndGlobalSection
	GlobalSection(ExtensibilityAddIns) = postSolution
	EndGlobalSection
EndGlobal
