<?xml version="1.0" encoding="UTF-8"?>
<Project ToolsVersion="12.0" xmlns="http://schemas.microsoft.com/developer/msbuild/2003">
  <ItemGroup>
    <ClCompile Include="D:\FreeRDP-master\FreeRDP-master\winpr\libwinpr\synch\address.c">
      <Filter>Source Files</Filter>
    </ClCompile>
    <ClCompile Include="D:\FreeRDP-master\FreeRDP-master\winpr\libwinpr\synch\barrier.c">
      <Filter>Source Files</Filter>
    </ClCompile>
    <ClCompile Include="D:\FreeRDP-master\FreeRDP-master\winpr\libwinpr\synch\condition.c">
      <Filter>Source Files</Filter>
    </ClCompile>
    <ClCompile Include="D:\FreeRDP-master\FreeRDP-master\winpr\libwinpr\synch\critical.c">
      <Filter>Source Files</Filter>
    </ClCompile>
    <ClCompile Include="D:\FreeRDP-master\FreeRDP-master\winpr\libwinpr\synch\event.c">
      <Filter>Source Files</Filter>
    </ClCompile>
    <ClCompile Include="D:\FreeRDP-master\FreeRDP-master\winpr\libwinpr\synch\init.c">
      <Filter>Source Files</Filter>
    </ClCompile>
    <ClCompile Include="D:\FreeRDP-master\FreeRDP-master\winpr\libwinpr\synch\mutex.c">
      <Filter>Source Files</Filter>
    </ClCompile>
    <ClCompile Include="D:\FreeRDP-master\FreeRDP-master\winpr\libwinpr\synch\semaphore.c">
      <Filter>Source Files</Filter>
    </ClCompile>
    <ClCompile Include="D:\FreeRDP-master\FreeRDP-master\winpr\libwinpr\synch\sleep.c">
      <Filter>Source Files</Filter>
    </ClCompile>
    <ClCompile Include="D:\FreeRDP-master\FreeRDP-master\winpr\libwinpr\synch\srw.c">
      <Filter>Source Files</Filter>
    </ClCompile>
    <ClCompile Include="D:\FreeRDP-master\FreeRDP-master\winpr\libwinpr\synch\timer.c">
      <Filter>Source Files</Filter>
    </ClCompile>
    <ClCompile Include="D:\FreeRDP-master\FreeRDP-master\winpr\libwinpr\synch\wait.c">
      <Filter>Source Files</Filter>
    </ClCompile>
    <ClCompile Include="D:\FreeRDP-master\FreeRDP-master\winpr\libwinpr\locale\locale.c">
      <Filter>Source Files</Filter>
    </ClCompile>
    <ClCompile Include="D:\FreeRDP-master\FreeRDP-master\winpr\libwinpr\library\library.c">
      <Filter>Source Files</Filter>
    </ClCompile>
    <ClCompile Include="D:\FreeRDP-master\FreeRDP-master\winpr\libwinpr\file\generic.c">
      <Filter>Source Files</Filter>
    </ClCompile>
    <ClCompile Include="D:\FreeRDP-master\FreeRDP-master\winpr\libwinpr\file\namedPipeClient.c">
      <Filter>Source Files</Filter>
    </ClCompile>
    <ClCompile Include="D:\FreeRDP-master\FreeRDP-master\winpr\libwinpr\file\pattern.c">
      <Filter>Source Files</Filter>
    </ClCompile>
    <ClCompile Include="D:\FreeRDP-master\FreeRDP-master\winpr\libwinpr\file\file.c">
      <Filter>Source Files</Filter>
    </ClCompile>
    <ClCompile Include="D:\FreeRDP-master\FreeRDP-master\winpr\libwinpr\pipe\pipe.c">
      <Filter>Source Files</Filter>
    </ClCompile>
    <ClCompile Include="D:\FreeRDP-master\FreeRDP-master\winpr\libwinpr\interlocked\interlocked.c">
      <Filter>Source Files</Filter>
    </ClCompile>
    <ClCompile Include="D:\FreeRDP-master\FreeRDP-master\winpr\libwinpr\security\security.c">
      <Filter>Source Files</Filter>
    </ClCompile>
    <ClCompile Include="D:\FreeRDP-master\FreeRDP-master\winpr\libwinpr\environment\environment.c">
      <Filter>Source Files</Filter>
    </ClCompile>
    <ClCompile Include="D:\FreeRDP-master\FreeRDP-master\winpr\libwinpr\crypto\hash.c">
      <Filter>Source Files</Filter>
    </ClCompile>
    <ClCompile Include="D:\FreeRDP-master\FreeRDP-master\winpr\libwinpr\crypto\rand.c">
      <Filter>Source Files</Filter>
    </ClCompile>
    <ClCompile Include="D:\FreeRDP-master\FreeRDP-master\winpr\libwinpr\crypto\cipher.c">
      <Filter>Source Files</Filter>
    </ClCompile>
    <ClCompile Include="D:\FreeRDP-master\FreeRDP-master\winpr\libwinpr\crypto\cert.c">
      <Filter>Source Files</Filter>
    </ClCompile>
    <ClCompile Include="D:\FreeRDP-master\FreeRDP-master\winpr\libwinpr\crypto\crypto.c">
      <Filter>Source Files</Filter>
    </ClCompile>
    <ClCompile Include="D:\FreeRDP-master\FreeRDP-master\winpr\libwinpr\registry\registry_reg.c">
      <Filter>Source Files</Filter>
    </ClCompile>
    <ClCompile Include="D:\FreeRDP-master\FreeRDP-master\winpr\libwinpr\registry\registry.c">
      <Filter>Source Files</Filter>
    </ClCompile>
    <ClCompile Include="D:\FreeRDP-master\FreeRDP-master\winpr\libwinpr\credentials\credentials.c">
      <Filter>Source Files</Filter>
    </ClCompile>
    <ClCompile Include="D:\FreeRDP-master\FreeRDP-master\winpr\libwinpr\path\path.c">
      <Filter>Source Files</Filter>
    </ClCompile>
    <ClCompile Include="D:\FreeRDP-master\FreeRDP-master\winpr\libwinpr\path\shell.c">
      <Filter>Source Files</Filter>
    </ClCompile>
    <ClCompile Include="D:\FreeRDP-master\FreeRDP-master\winpr\libwinpr\io\device.c">
      <Filter>Source Files</Filter>
    </ClCompile>
    <ClCompile Include="D:\FreeRDP-master\FreeRDP-master\winpr\libwinpr\io\io.c">
      <Filter>Source Files</Filter>
    </ClCompile>
    <ClCompile Include="D:\FreeRDP-master\FreeRDP-master\winpr\libwinpr\memory\memory.c">
      <Filter>Source Files</Filter>
    </ClCompile>
    <ClCompile Include="D:\FreeRDP-master\FreeRDP-master\winpr\libwinpr\input\virtualkey.c">
      <Filter>Source Files</Filter>
    </ClCompile>
    <ClCompile Include="D:\FreeRDP-master\FreeRDP-master\winpr\libwinpr\input\scancode.c">
      <Filter>Source Files</Filter>
    </ClCompile>
    <ClCompile Include="D:\FreeRDP-master\FreeRDP-master\winpr\libwinpr\input\keycode.c">
      <Filter>Source Files</Filter>
    </ClCompile>
    <ClCompile Include="D:\FreeRDP-master\FreeRDP-master\winpr\libwinpr\shell\shell.c">
      <Filter>Source Files</Filter>
    </ClCompile>
    <ClCompile Include="D:\FreeRDP-master\FreeRDP-master\winpr\libwinpr\heap\heap.c">
      <Filter>Source Files</Filter>
    </ClCompile>
    <ClCompile Include="D:\FreeRDP-master\FreeRDP-master\winpr\libwinpr\utils\ini.c">
      <Filter>Source Files</Filter>
    </ClCompile>
    <ClCompile Include="D:\FreeRDP-master\FreeRDP-master\winpr\libwinpr\utils\sam.c">
      <Filter>Source Files</Filter>
    </ClCompile>
    <ClCompile Include="D:\FreeRDP-master\FreeRDP-master\winpr\libwinpr\utils\ntlm.c">
      <Filter>Source Files</Filter>
    </ClCompile>
    <ClCompile Include="D:\FreeRDP-master\FreeRDP-master\winpr\libwinpr\utils\image.c">
      <Filter>Source Files</Filter>
    </ClCompile>
    <ClCompile Include="D:\FreeRDP-master\FreeRDP-master\winpr\libwinpr\utils\print.c">
      <Filter>Source Files</Filter>
    </ClCompile>
    <ClCompile Include="D:\FreeRDP-master\FreeRDP-master\winpr\libwinpr\utils\stream.c">
      <Filter>Source Files</Filter>
    </ClCompile>
    <ClCompile Include="D:\FreeRDP-master\FreeRDP-master\winpr\libwinpr\utils\debug.c">
      <Filter>Source Files</Filter>
    </ClCompile>
    <ClCompile Include="D:\FreeRDP-master\FreeRDP-master\winpr\libwinpr\utils\winpr.c">
      <Filter>Source Files</Filter>
    </ClCompile>
    <ClCompile Include="D:\FreeRDP-master\FreeRDP-master\winpr\libwinpr\utils\cmdline.c">
      <Filter>Source Files</Filter>
    </ClCompile>
    <ClCompile Include="D:\FreeRDP-master\FreeRDP-master\winpr\libwinpr\utils\ssl.c">
      <Filter>Source Files</Filter>
    </ClCompile>
    <ClCompile Include="D:\FreeRDP-master\FreeRDP-master\winpr\libwinpr\utils\collections\Queue.c">
      <Filter>Source Files</Filter>
    </ClCompile>
    <ClCompile Include="D:\FreeRDP-master\FreeRDP-master\winpr\libwinpr\utils\collections\Stack.c">
      <Filter>Source Files</Filter>
    </ClCompile>
    <ClCompile Include="D:\FreeRDP-master\FreeRDP-master\winpr\libwinpr\utils\collections\PubSub.c">
      <Filter>Source Files</Filter>
    </ClCompile>
    <ClCompile Include="D:\FreeRDP-master\FreeRDP-master\winpr\libwinpr\utils\collections\BipBuffer.c">
      <Filter>Source Files</Filter>
    </ClCompile>
    <ClCompile Include="D:\FreeRDP-master\FreeRDP-master\winpr\libwinpr\utils\collections\BitStream.c">
      <Filter>Source Files</Filter>
    </ClCompile>
    <ClCompile Include="D:\FreeRDP-master\FreeRDP-master\winpr\libwinpr\utils\collections\Reference.c">
      <Filter>Source Files</Filter>
    </ClCompile>
    <ClCompile Include="D:\FreeRDP-master\FreeRDP-master\winpr\libwinpr\utils\collections\ArrayList.c">
      <Filter>Source Files</Filter>
    </ClCompile>
    <ClCompile Include="D:\FreeRDP-master\FreeRDP-master\winpr\libwinpr\utils\collections\Dictionary.c">
      <Filter>Source Files</Filter>
    </ClCompile>
    <ClCompile Include="D:\FreeRDP-master\FreeRDP-master\winpr\libwinpr\utils\collections\LinkedList.c">
      <Filter>Source Files</Filter>
    </ClCompile>
    <ClCompile Include="D:\FreeRDP-master\FreeRDP-master\winpr\libwinpr\utils\collections\HashTable.c">
      <Filter>Source Files</Filter>
    </ClCompile>
    <ClCompile Include="D:\FreeRDP-master\FreeRDP-master\winpr\libwinpr\utils\collections\ListDictionary.c">
      <Filter>Source Files</Filter>
    </ClCompile>
    <ClCompile Include="D:\FreeRDP-master\FreeRDP-master\winpr\libwinpr\utils\collections\KeyValuePair.c">
      <Filter>Source Files</Filter>
    </ClCompile>
    <ClCompile Include="D:\FreeRDP-master\FreeRDP-master\winpr\libwinpr\utils\collections\CountdownEvent.c">
      <Filter>Source Files</Filter>
    </ClCompile>
    <ClCompile Include="D:\FreeRDP-master\FreeRDP-master\winpr\libwinpr\utils\collections\BufferPool.c">
      <Filter>Source Files</Filter>
    </ClCompile>
    <ClCompile Include="D:\FreeRDP-master\FreeRDP-master\winpr\libwinpr\utils\collections\ObjectPool.c">
      <Filter>Source Files</Filter>
    </ClCompile>
    <ClCompile Include="D:\FreeRDP-master\FreeRDP-master\winpr\libwinpr\utils\collections\StreamPool.c">
      <Filter>Source Files</Filter>
    </ClCompile>
    <ClCompile Include="D:\FreeRDP-master\FreeRDP-master\winpr\libwinpr\utils\collections\MessageQueue.c">
      <Filter>Source Files</Filter>
    </ClCompile>
    <ClCompile Include="D:\FreeRDP-master\FreeRDP-master\winpr\libwinpr\utils\collections\MessagePipe.c">
      <Filter>Source Files</Filter>
    </ClCompile>
    <ClCompile Include="D:\FreeRDP-master\FreeRDP-master\winpr\libwinpr\utils\lodepng\lodepng.c">
      <Filter>Source Files</Filter>
    </ClCompile>
    <ClCompile Include="D:\FreeRDP-master\FreeRDP-master\winpr\libwinpr\utils\trio\trio.c">
      <Filter>Source Files</Filter>
    </ClCompile>
    <ClCompile Include="D:\FreeRDP-master\FreeRDP-master\winpr\libwinpr\utils\trio\trionan.c">
      <Filter>Source Files</Filter>
    </ClCompile>
    <ClCompile Include="D:\FreeRDP-master\FreeRDP-master\winpr\libwinpr\utils\trio\triostr.c">
      <Filter>Source Files</Filter>
    </ClCompile>
    <ClCompile Include="D:\FreeRDP-master\FreeRDP-master\winpr\libwinpr\utils\wlog\wlog.c">
      <Filter>Source Files</Filter>
    </ClCompile>
    <ClCompile Include="D:\FreeRDP-master\FreeRDP-master\winpr\libwinpr\utils\wlog\Layout.c">
      <Filter>Source Files</Filter>
    </ClCompile>
    <ClCompile Include="D:\FreeRDP-master\FreeRDP-master\winpr\libwinpr\utils\wlog\Message.c">
      <Filter>Source Files</Filter>
    </ClCompile>
    <ClCompile Include="D:\FreeRDP-master\FreeRDP-master\winpr\libwinpr\utils\wlog\TextMessage.c">
      <Filter>Source Files</Filter>
    </ClCompile>
    <ClCompile Include="D:\FreeRDP-master\FreeRDP-master\winpr\libwinpr\utils\wlog\DataMessage.c">
      <Filter>Source Files</Filter>
    </ClCompile>
    <ClCompile Include="D:\FreeRDP-master\FreeRDP-master\winpr\libwinpr\utils\wlog\ImageMessage.c">
      <Filter>Source Files</Filter>
    </ClCompile>
    <ClCompile Include="D:\FreeRDP-master\FreeRDP-master\winpr\libwinpr\utils\wlog\PacketMessage.c">
      <Filter>Source Files</Filter>
    </ClCompile>
    <ClCompile Include="D:\FreeRDP-master\FreeRDP-master\winpr\libwinpr\utils\wlog\Appender.c">
      <Filter>Source Files</Filter>
    </ClCompile>
    <ClCompile Include="D:\FreeRDP-master\FreeRDP-master\winpr\libwinpr\utils\wlog\FileAppender.c">
      <Filter>Source Files</Filter>
    </ClCompile>
    <ClCompile Include="D:\FreeRDP-master\FreeRDP-master\winpr\libwinpr\utils\wlog\BinaryAppender.c">
      <Filter>Source Files</Filter>
    </ClCompile>
    <ClCompile Include="D:\FreeRDP-master\FreeRDP-master\winpr\libwinpr\utils\wlog\CallbackAppender.c">
      <Filter>Source Files</Filter>
    </ClCompile>
    <ClCompile Include="D:\FreeRDP-master\FreeRDP-master\winpr\libwinpr\utils\wlog\ConsoleAppender.c">
      <Filter>Source Files</Filter>
    </ClCompile>
    <ClCompile Include="D:\FreeRDP-master\FreeRDP-master\winpr\libwinpr\error\error.c">
      <Filter>Source Files</Filter>
    </ClCompile>
    <ClCompile Include="D:\FreeRDP-master\FreeRDP-master\winpr\libwinpr\com\com.c">
      <Filter>Source Files</Filter>
    </ClCompile>
    <ClCompile Include="D:\FreeRDP-master\FreeRDP-master\winpr\libwinpr\timezone\timezone.c">
      <Filter>Source Files</Filter>
    </ClCompile>
    <ClCompile Include="D:\FreeRDP-master\FreeRDP-master\winpr\libwinpr\sysinfo\sysinfo.c">
      <Filter>Source Files</Filter>
    </ClCompile>
    <ClCompile Include="D:\FreeRDP-master\FreeRDP-master\winpr\libwinpr\pool\synch.c">
      <Filter>Source Files</Filter>
    </ClCompile>
    <ClCompile Include="D:\FreeRDP-master\FreeRDP-master\winpr\libwinpr\pool\work.c">
      <Filter>Source Files</Filter>
    </ClCompile>
    <ClCompile Include="D:\FreeRDP-master\FreeRDP-master\winpr\libwinpr\pool\timer.c">
      <Filter>Source Files</Filter>
    </ClCompile>
    <ClCompile Include="D:\FreeRDP-master\FreeRDP-master\winpr\libwinpr\pool\io.c">
      <Filter>Source Files</Filter>
    </ClCompile>
    <ClCompile Include="D:\FreeRDP-master\FreeRDP-master\winpr\libwinpr\pool\cleanup_group.c">
      <Filter>Source Files</Filter>
    </ClCompile>
    <ClCompile Include="D:\FreeRDP-master\FreeRDP-master\winpr\libwinpr\pool\pool.c">
      <Filter>Source Files</Filter>
    </ClCompile>
    <ClCompile Include="D:\FreeRDP-master\FreeRDP-master\winpr\libwinpr\pool\callback_environment.c">
      <Filter>Source Files</Filter>
    </ClCompile>
    <ClCompile Include="D:\FreeRDP-master\FreeRDP-master\winpr\libwinpr\pool\callback.c">
      <Filter>Source Files</Filter>
    </ClCompile>
    <ClCompile Include="D:\FreeRDP-master\FreeRDP-master\winpr\libwinpr\pool\callback_cleanup.c">
      <Filter>Source Files</Filter>
    </ClCompile>
    <ClCompile Include="D:\FreeRDP-master\FreeRDP-master\winpr\libwinpr\handle\handle.c">
      <Filter>Source Files</Filter>
    </ClCompile>
    <ClCompile Include="D:\FreeRDP-master\FreeRDP-master\winpr\libwinpr\handle\nonehandle.c">
      <Filter>Source Files</Filter>
    </ClCompile>
    <ClCompile Include="D:\FreeRDP-master\FreeRDP-master\winpr\libwinpr\thread\argv.c">
      <Filter>Source Files</Filter>
    </ClCompile>
    <ClCompile Include="D:\FreeRDP-master\FreeRDP-master\winpr\libwinpr\thread\process.c">
      <Filter>Source Files</Filter>
    </ClCompile>
    <ClCompile Include="D:\FreeRDP-master\FreeRDP-master\winpr\libwinpr\thread\processor.c">
      <Filter>Source Files</Filter>
    </ClCompile>
    <ClCompile Include="D:\FreeRDP-master\FreeRDP-master\winpr\libwinpr\thread\thread.c">
      <Filter>Source Files</Filter>
    </ClCompile>
    <ClCompile Include="D:\FreeRDP-master\FreeRDP-master\winpr\libwinpr\thread\tls.c">
      <Filter>Source Files</Filter>
    </ClCompile>
    <ClCompile Include="D:\FreeRDP-master\FreeRDP-master\winpr\libwinpr\winsock\winsock.c">
      <Filter>Source Files</Filter>
    </ClCompile>
    <ClCompile Include="D:\FreeRDP-master\FreeRDP-master\winpr\libwinpr\sspi\NTLM\ntlm_av_pairs.c">
      <Filter>Source Files</Filter>
    </ClCompile>
    <ClCompile Include="D:\FreeRDP-master\FreeRDP-master\winpr\libwinpr\sspi\NTLM\ntlm_compute.c">
      <Filter>Source Files</Filter>
    </ClCompile>
    <ClCompile Include="D:\FreeRDP-master\FreeRDP-master\winpr\libwinpr\sspi\NTLM\ntlm_message.c">
      <Filter>Source Files</Filter>
    </ClCompile>
    <ClCompile Include="D:\FreeRDP-master\FreeRDP-master\winpr\libwinpr\sspi\NTLM\ntlm.c">
      <Filter>Source Files</Filter>
    </ClCompile>
    <ClCompile Include="D:\FreeRDP-master\FreeRDP-master\winpr\libwinpr\sspi\Negotiate\negotiate.c">
      <Filter>Source Files</Filter>
    </ClCompile>
    <ClCompile Include="D:\FreeRDP-master\FreeRDP-master\winpr\libwinpr\sspi\Schannel\schannel_openssl.c">
      <Filter>Source Files</Filter>
    </ClCompile>
    <ClCompile Include="D:\FreeRDP-master\FreeRDP-master\winpr\libwinpr\sspi\Schannel\schannel.c">
      <Filter>Source Files</Filter>
    </ClCompile>
    <ClCompile Include="D:\FreeRDP-master\FreeRDP-master\winpr\libwinpr\sspi\CredSSP\credssp.c">
      <Filter>Source Files</Filter>
    </ClCompile>
    <ClCompile Include="D:\FreeRDP-master\FreeRDP-master\winpr\libwinpr\sspi\sspi_winpr.c">
      <Filter>Source Files</Filter>
    </ClCompile>
    <ClCompile Include="D:\FreeRDP-master\FreeRDP-master\winpr\libwinpr\sspi\sspi_export.c">
      <Filter>Source Files</Filter>
    </ClCompile>
    <ClCompile Include="D:\FreeRDP-master\FreeRDP-master\winpr\libwinpr\sspi\sspi.c">
      <Filter>Source Files</Filter>
    </ClCompile>
    <ClCompile Include="D:\FreeRDP-master\FreeRDP-master\winpr\libwinpr\winhttp\winhttp.c">
      <Filter>Source Files</Filter>
    </ClCompile>
    <ClCompile Include="D:\FreeRDP-master\FreeRDP-master\winpr\libwinpr\asn1\asn1.c">
      <Filter>Source Files</Filter>
    </ClCompile>
    <ClCompile Include="D:\FreeRDP-master\FreeRDP-master\winpr\libwinpr\sspicli\sspicli.c">
      <Filter>Source Files</Filter>
    </ClCompile>
    <ClCompile Include="D:\FreeRDP-master\FreeRDP-master\winpr\libwinpr\crt\alignment.c">
      <Filter>Source Files</Filter>
    </ClCompile>
    <ClCompile Include="D:\FreeRDP-master\FreeRDP-master\winpr\libwinpr\crt\conversion.c">
      <Filter>Source Files</Filter>
    </ClCompile>
    <ClCompile Include="D:\FreeRDP-master\FreeRDP-master\winpr\libwinpr\crt\buffer.c">
      <Filter>Source Files</Filter>
    </ClCompile>
    <ClCompile Include="D:\FreeRDP-master\FreeRDP-master\winpr\libwinpr\crt\memory.c">
      <Filter>Source Files</Filter>
    </ClCompile>
    <ClCompile Include="D:\FreeRDP-master\FreeRDP-master\winpr\libwinpr\crt\string.c">
      <Filter>Source Files</Filter>
    </ClCompile>
    <ClCompile Include="D:\FreeRDP-master\FreeRDP-master\winpr\libwinpr\crt\unicode.c">
      <Filter>Source Files</Filter>
    </ClCompile>
    <ClCompile Include="D:\FreeRDP-master\FreeRDP-master\winpr\libwinpr\crt\utf.c">
      <Filter>Source Files</Filter>
    </ClCompile>
    <ClCompile Include="D:\FreeRDP-master\FreeRDP-master\winpr\libwinpr\bcrypt\bcrypt.c">
      <Filter>Source Files</Filter>
    </ClCompile>
    <ClCompile Include="D:\FreeRDP-master\FreeRDP-master\winpr\libwinpr\rpc\rpc.c">
      <Filter>Source Files</Filter>
    </ClCompile>
    <ClCompile Include="D:\FreeRDP-master\FreeRDP-master\winpr\libwinpr\rpc\ndr.c">
      <Filter>Source Files</Filter>
    </ClCompile>
    <ClCompile Include="D:\FreeRDP-master\FreeRDP-master\winpr\libwinpr\rpc\ndr_array.c">
      <Filter>Source Files</Filter>
    </ClCompile>
    <ClCompile Include="D:\FreeRDP-master\FreeRDP-master\winpr\libwinpr\rpc\ndr_context.c">
      <Filter>Source Files</Filter>
    </ClCompile>
    <ClCompile Include="D:\FreeRDP-master\FreeRDP-master\winpr\libwinpr\rpc\ndr_correlation.c">
      <Filter>Source Files</Filter>
    </ClCompile>
    <ClCompile Include="D:\FreeRDP-master\FreeRDP-master\winpr\libwinpr\rpc\ndr_pointer.c">
      <Filter>Source Files</Filter>
    </ClCompile>
    <ClCompile Include="D:\FreeRDP-master\FreeRDP-master\winpr\libwinpr\rpc\ndr_private.c">
      <Filter>Source Files</Filter>
    </ClCompile>
    <ClCompile Include="D:\FreeRDP-master\FreeRDP-master\winpr\libwinpr\rpc\ndr_simple.c">
      <Filter>Source Files</Filter>
    </ClCompile>
    <ClCompile Include="D:\FreeRDP-master\FreeRDP-master\winpr\libwinpr\rpc\ndr_string.c">
      <Filter>Source Files</Filter>
    </ClCompile>
    <ClCompile Include="D:\FreeRDP-master\FreeRDP-master\winpr\libwinpr\rpc\ndr_structure.c">
      <Filter>Source Files</Filter>
    </ClCompile>
    <ClCompile Include="D:\FreeRDP-master\FreeRDP-master\winpr\libwinpr\rpc\ndr_union.c">
      <Filter>Source Files</Filter>
    </ClCompile>
    <ClCompile Include="D:\FreeRDP-master\FreeRDP-master\winpr\libwinpr\rpc\midl.c">
      <Filter>Source Files</Filter>
    </ClCompile>
    <ClCompile Include="D:\FreeRDP-master\FreeRDP-master\winpr\libwinpr\credui\credui.c">
      <Filter>Source Files</Filter>
    </ClCompile>
    <ClCompile Include="D:\FreeRDP-master\FreeRDP-master\winpr\libwinpr\wtsapi\wtsapi.c">
      <Filter>Source Files</Filter>
    </ClCompile>
    <ClCompile Include="D:\FreeRDP-master\FreeRDP-master\winpr\libwinpr\wtsapi\wtsapi_win32.c">
      <Filter>Source Files</Filter>
    </ClCompile>
    <ClCompile Include="D:\FreeRDP-master\FreeRDP-master\winpr\libwinpr\dsparse\dsparse.c">
      <Filter>Source Files</Filter>
    </ClCompile>
    <ClCompile Include="D:\FreeRDP-master\FreeRDP-master\winpr\libwinpr\wnd\wnd.c">
      <Filter>Source Files</Filter>
    </ClCompile>
    <ClCompile Include="D:\FreeRDP-master\FreeRDP-master\winpr\libwinpr\smartcard\smartcard.c">
      <Filter>Source Files</Filter>
    </ClCompile>
    <ClCompile Include="D:\FreeRDP-master\FreeRDP-master\winpr\libwinpr\smartcard\smartcard_pcsc.c">
      <Filter>Source Files</Filter>
    </ClCompile>
    <ClCompile Include="D:\FreeRDP-master\FreeRDP-master\winpr\libwinpr\smartcard\smartcard_inspect.c">
      <Filter>Source Files</Filter>
    </ClCompile>
    <ClCompile Include="D:\FreeRDP-master\FreeRDP-master\winpr\libwinpr\smartcard\smartcard_winscard.c">
      <Filter>Source Files</Filter>
    </ClCompile>
    <ClCompile Include="D:\FreeRDP-master\FreeRDP-master\winpr\libwinpr\nt\nt.c">
      <Filter>Source Files</Filter>
    </ClCompile>
    <ClCompile Include="D:\FreeRDP-master\FreeRDP-master\winpr\libwinpr\clipboard\synthetic.c">
      <Filter>Source Files</Filter>
    </ClCompile>
    <ClCompile Include="D:\FreeRDP-master\FreeRDP-master\winpr\libwinpr\clipboard\clipboard.c">
      <Filter>Source Files</Filter>
    </ClCompile>
  </ItemGroup>
  <ItemGroup>
    <ClInclude Include="D:\FreeRDP-master\FreeRDP-master\winpr\libwinpr\synch\synch.h">
      <Filter>Header Files</Filter>
    </ClInclude>
    <ClInclude Include="D:\FreeRDP-master\FreeRDP-master\winpr\libwinpr\pipe\pipe.h">
      <Filter>Header Files</Filter>
    </ClInclude>
    <ClInclude Include="D:\FreeRDP-master\FreeRDP-master\winpr\libwinpr\crypto\crypto.h">
      <Filter>Header Files</Filter>
    </ClInclude>
    <ClInclude Include="D:\FreeRDP-master\FreeRDP-master\winpr\libwinpr\registry\registry_reg.h">
      <Filter>Header Files</Filter>
    </ClInclude>
    <ClInclude Include="D:\FreeRDP-master\FreeRDP-master\winpr\libwinpr\io\io.h">
      <Filter>Header Files</Filter>
    </ClInclude>
    <ClInclude Include="D:\FreeRDP-master\FreeRDP-master\winpr\libwinpr\memory\memory.h">
      <Filter>Header Files</Filter>
    </ClInclude>
    <ClInclude Include="D:\FreeRDP-master\FreeRDP-master\winpr\libwinpr\utils\lodepng\lodepng.h">
      <Filter>Header Files</Filter>
    </ClInclude>
    <ClInclude Include="D:\FreeRDP-master\FreeRDP-master\winpr\libwinpr\utils\trio\strio.h">
      <Filter>Header Files</Filter>
    </ClInclude>
    <ClInclude Include="D:\FreeRDP-master\FreeRDP-master\winpr\libwinpr\utils\trio\trio.h">
      <Filter>Header Files</Filter>
    </ClInclude>
    <ClInclude Include="D:\FreeRDP-master\FreeRDP-master\winpr\libwinpr\utils\trio\triodef.h">
      <Filter>Header Files</Filter>
    </ClInclude>
    <ClInclude Include="D:\FreeRDP-master\FreeRDP-master\winpr\libwinpr\utils\trio\trionan.h">
      <Filter>Header Files</Filter>
    </ClInclude>
    <ClInclude Include="D:\FreeRDP-master\FreeRDP-master\winpr\libwinpr\utils\trio\triop.h">
      <Filter>Header Files</Filter>
    </ClInclude>
    <ClInclude Include="D:\FreeRDP-master\FreeRDP-master\winpr\libwinpr\utils\trio\triostr.h">
      <Filter>Header Files</Filter>
    </ClInclude>
    <ClInclude Include="D:\FreeRDP-master\FreeRDP-master\winpr\libwinpr\utils\wlog\wlog.h">
      <Filter>Header Files</Filter>
    </ClInclude>
    <ClInclude Include="D:\FreeRDP-master\FreeRDP-master\winpr\libwinpr\utils\wlog\Layout.h">
      <Filter>Header Files</Filter>
    </ClInclude>
    <ClInclude Include="D:\FreeRDP-master\FreeRDP-master\winpr\libwinpr\utils\wlog\Message.h">
      <Filter>Header Files</Filter>
    </ClInclude>
    <ClInclude Include="D:\FreeRDP-master\FreeRDP-master\winpr\libwinpr\utils\wlog\TextMessage.h">
      <Filter>Header Files</Filter>
    </ClInclude>
    <ClInclude Include="D:\FreeRDP-master\FreeRDP-master\winpr\libwinpr\utils\wlog\DataMessage.h">
      <Filter>Header Files</Filter>
    </ClInclude>
    <ClInclude Include="D:\FreeRDP-master\FreeRDP-master\winpr\libwinpr\utils\wlog\ImageMessage.h">
      <Filter>Header Files</Filter>
    </ClInclude>
    <ClInclude Include="D:\FreeRDP-master\FreeRDP-master\winpr\libwinpr\utils\wlog\PacketMessage.h">
      <Filter>Header Files</Filter>
    </ClInclude>
    <ClInclude Include="D:\FreeRDP-master\FreeRDP-master\winpr\libwinpr\utils\wlog\Appender.h">
      <Filter>Header Files</Filter>
    </ClInclude>
    <ClInclude Include="D:\FreeRDP-master\FreeRDP-master\winpr\libwinpr\utils\wlog\FileAppender.h">
      <Filter>Header Files</Filter>
    </ClInclude>
    <ClInclude Include="D:\FreeRDP-master\FreeRDP-master\winpr\libwinpr\utils\wlog\BinaryAppender.h">
      <Filter>Header Files</Filter>
    </ClInclude>
    <ClInclude Include="D:\FreeRDP-master\FreeRDP-master\winpr\libwinpr\utils\wlog\CallbackAppender.h">
      <Filter>Header Files</Filter>
    </ClInclude>
    <ClInclude Include="D:\FreeRDP-master\FreeRDP-master\winpr\libwinpr\utils\wlog\ConsoleAppender.h">
      <Filter>Header Files</Filter>
    </ClInclude>
    <ClInclude Include="D:\FreeRDP-master\FreeRDP-master\winpr\libwinpr\pool\pool.h">
      <Filter>Header Files</Filter>
    </ClInclude>
    <ClInclude Include="D:\FreeRDP-master\FreeRDP-master\winpr\libwinpr\handle\handle.h">
      <Filter>Header Files</Filter>
    </ClInclude>
    <ClInclude Include="D:\FreeRDP-master\FreeRDP-master\winpr\libwinpr\handle\nonehandle.h">
      <Filter>Header Files</Filter>
    </ClInclude>
    <ClInclude Include="D:\FreeRDP-master\FreeRDP-master\winpr\libwinpr\thread\thread.h">
      <Filter>Header Files</Filter>
    </ClInclude>
    <ClInclude Include="D:\FreeRDP-master\FreeRDP-master\winpr\libwinpr\sspi\NTLM\ntlm_av_pairs.h">
      <Filter>Header Files</Filter>
    </ClInclude>
    <ClInclude Include="D:\FreeRDP-master\FreeRDP-master\winpr\libwinpr\sspi\NTLM\ntlm_compute.h">
      <Filter>Header Files</Filter>
    </ClInclude>
    <ClInclude Include="D:\FreeRDP-master\FreeRDP-master\winpr\libwinpr\sspi\NTLM\ntlm_message.h">
      <Filter>Header Files</Filter>
    </ClInclude>
    <ClInclude Include="D:\FreeRDP-master\FreeRDP-master\winpr\libwinpr\sspi\NTLM\ntlm.h">
      <Filter>Header Files</Filter>
    </ClInclude>
    <ClInclude Include="D:\FreeRDP-master\FreeRDP-master\winpr\libwinpr\sspi\Negotiate\negotiate.h">
      <Filter>Header Files</Filter>
    </ClInclude>
    <ClInclude Include="D:\FreeRDP-master\FreeRDP-master\winpr\libwinpr\sspi\Schannel\schannel_openssl.h">
      <Filter>Header Files</Filter>
    </ClInclude>
    <ClInclude Include="D:\FreeRDP-master\FreeRDP-master\winpr\libwinpr\sspi\Schannel\schannel.h">
      <Filter>Header Files</Filter>
    </ClInclude>
    <ClInclude Include="D:\FreeRDP-master\FreeRDP-master\winpr\libwinpr\sspi\sspi_winpr.h">
      <Filter>Header Files</Filter>
    </ClInclude>
    <ClInclude Include="D:\FreeRDP-master\FreeRDP-master\winpr\libwinpr\sspi\sspi.h">
      <Filter>Header Files</Filter>
    </ClInclude>
    <ClInclude Include="D:\FreeRDP-master\FreeRDP-master\winpr\libwinpr\crt\utf.h">
      <Filter>Header Files</Filter>
    </ClInclude>
    <ClInclude Include="D:\FreeRDP-master\FreeRDP-master\winpr\libwinpr\rpc\ndr_array.h">
      <Filter>Header Files</Filter>
    </ClInclude>
    <ClInclude Include="D:\FreeRDP-master\FreeRDP-master\winpr\libwinpr\rpc\ndr_context.h">
      <Filter>Header Files</Filter>
    </ClInclude>
    <ClInclude Include="D:\FreeRDP-master\FreeRDP-master\winpr\libwinpr\rpc\ndr_correlation.h">
      <Filter>Header Files</Filter>
    </ClInclude>
    <ClInclude Include="D:\FreeRDP-master\FreeRDP-master\winpr\libwinpr\rpc\ndr_pointer.h">
      <Filter>Header Files</Filter>
    </ClInclude>
    <ClInclude Include="D:\FreeRDP-master\FreeRDP-master\winpr\libwinpr\rpc\ndr_private.h">
      <Filter>Header Files</Filter>
    </ClInclude>
    <ClInclude Include="D:\FreeRDP-master\FreeRDP-master\winpr\libwinpr\rpc\ndr_simple.h">
      <Filter>Header Files</Filter>
    </ClInclude>
    <ClInclude Include="D:\FreeRDP-master\FreeRDP-master\winpr\libwinpr\rpc\ndr_string.h">
      <Filter>Header Files</Filter>
    </ClInclude>
    <ClInclude Include="D:\FreeRDP-master\FreeRDP-master\winpr\libwinpr\rpc\ndr_structure.h">
      <Filter>Header Files</Filter>
    </ClInclude>
    <ClInclude Include="D:\FreeRDP-master\FreeRDP-master\winpr\libwinpr\rpc\ndr_union.h">
      <Filter>Header Files</Filter>
    </ClInclude>
    <ClInclude Include="D:\FreeRDP-master\FreeRDP-master\winpr\libwinpr\wtsapi\wtsapi.h">
      <Filter>Header Files</Filter>
    </ClInclude>
    <ClInclude Include="D:\FreeRDP-master\FreeRDP-master\winpr\libwinpr\wtsapi\wtsapi_win32.h">
      <Filter>Header Files</Filter>
    </ClInclude>
    <ClInclude Include="D:\FreeRDP-master\FreeRDP-master\winpr\libwinpr\wnd\wnd.h">
      <Filter>Header Files</Filter>
    </ClInclude>
    <ClInclude Include="D:\FreeRDP-master\FreeRDP-master\winpr\libwinpr\smartcard\smartcard.h">
      <Filter>Header Files</Filter>
    </ClInclude>
    <ClInclude Include="D:\FreeRDP-master\FreeRDP-master\winpr\libwinpr\smartcard\smartcard_pcsc.h">
      <Filter>Header Files</Filter>
    </ClInclude>
    <ClInclude Include="D:\FreeRDP-master\FreeRDP-master\winpr\libwinpr\smartcard\smartcard_inspect.h">
      <Filter>Header Files</Filter>
    </ClInclude>
    <ClInclude Include="D:\FreeRDP-master\FreeRDP-master\winpr\libwinpr\smartcard\smartcard_winscard.h">
      <Filter>Header Files</Filter>
    </ClInclude>
    <ClInclude Include="D:\FreeRDP-master\FreeRDP-master\winpr\libwinpr\clipboard\clipboard.h">
      <Filter>Header Files</Filter>
    </ClInclude>
  </ItemGroup>
  <ItemGroup>
    <ResourceCompile Include="D:\freerdp\winpr\libwinpr\version.rc">
      <Filter>Source Files</Filter>
    </ResourceCompile>
  </ItemGroup>
  <ItemGroup>
    <Filter Include="Source Files">
      <UniqueIdentifier>{620D7D3D-4C94-3EB1-869F-461A9674249B}</UniqueIdentifier>
    </Filter>
    <Filter Include="Header Files">
      <UniqueIdentifier>{378D4CD5-1056-3269-BDE7-1D41B9F2A7B6}</UniqueIdentifier>
    </Filter>
  </ItemGroup>
</Project>
